// !$*UTF8*$!
{
	archiveVersion = 1;
	classes = {
	};
	objectVersion = 54;
	objects = {

/* Begin PBXBuildFile section */
		1498D2341E8E89220040F4C2 /* GeneratedPluginRegistrant.m in Sources */ = {isa = PBXBuildFile; fileRef = 1498D2331E8E89220040F4C2 /* GeneratedPluginRegistrant.m */; };
		331C808B294A63AB00263BE5 /* RunnerTests.swift in Sources */ = {isa = PBXBuildFile; fileRef = 331C807B294A618700263BE5 /* RunnerTests.swift */; };
		3B3967161E833CAA004F5970 /* AppFrameworkInfo.plist in Resources */ = {isa = PBXBuildFile; fileRef = 3B3967151E833CAA004F5970 /* AppFrameworkInfo.plist */; };
		74858FAF1ED2DC5600515810 /* AppDelegate.swift in Sources */ = {isa = PBXBuildFile; fileRef = 74858FAE1ED2DC5600515810 /* AppDelegate.swift */; };
		872480D82C830F38009F32DA /* Messages.framework in Frameworks */ = {isa = PBXBuildFile; fileRef = 872480D72C830F38009F32DA /* Messages.framework */; };
		872480DB2C830F38009F32DA /* MessagesViewController.swift in Sources */ = {isa = PBXBuildFile; fileRef = 872480DA2C830F38009F32DA /* MessagesViewController.swift */; };
		872480DE2C830F38009F32DA /* Base in Resources */ = {isa = PBXBuildFile; fileRef = 872480DD2C830F38009F32DA /* Base */; };
		872480E02C830F3C009F32DA /* Assets.xcassets in Resources */ = {isa = PBXBuildFile; fileRef = 872480DF2C830F3C009F32DA /* Assets.xcassets */; };
		872480E42C830F3C009F32DA /* LgbtPack.appex in Embed Foundation Extensions */ = {isa = PBXBuildFile; fileRef = 872480D62C830F38009F32DA /* LgbtPack.appex */; settings = {ATTRIBUTES = (RemoveHeadersOnCopy, ); }; };
		872480EB2C830F83009F32DA /* LgbtPackVC.swift in Sources */ = {isa = PBXBuildFile; fileRef = 872480EA2C830F83009F32DA /* LgbtPackVC.swift */; };
		872481222C835985009F32DA /* 7@3x.png in Resources */ = {isa = PBXBuildFile; fileRef = 872480EC2C835983009F32DA /* 7@3x.png */; };
		872481232C835985009F32DA /* 16@3x.png in Resources */ = {isa = PBXBuildFile; fileRef = 872480ED2C835983009F32DA /* 16@3x.png */; };
		872481242C835985009F32DA /* 6@2x.png in Resources */ = {isa = PBXBuildFile; fileRef = 872480EE2C835983009F32DA /* 6@2x.png */; };
		872481252C835985009F32DA /* 3@3x.png in Resources */ = {isa = PBXBuildFile; fileRef = 872480EF2C835983009F32DA /* 3@3x.png */; };
		872481262C835985009F32DA /* 14@2x.png in Resources */ = {isa = PBXBuildFile; fileRef = 872480F02C835983009F32DA /* 14@2x.png */; };
		872481272C835985009F32DA /* 3@2x.png in Resources */ = {isa = PBXBuildFile; fileRef = 872480F12C835983009F32DA /* 3@2x.png */; };
		872481282C835985009F32DA /* 1.png in Resources */ = {isa = PBXBuildFile; fileRef = 872480F22C835983009F32DA /* 1.png */; };
		872481292C835985009F32DA /* 18.png in Resources */ = {isa = PBXBuildFile; fileRef = 872480F32C835983009F32DA /* 18.png */; };
		8724812A2C835985009F32DA /* 1@3x.png in Resources */ = {isa = PBXBuildFile; fileRef = 872480F42C835983009F32DA /* 1@3x.png */; };
		8724812B2C835985009F32DA /* 5@2x.png in Resources */ = {isa = PBXBuildFile; fileRef = 872480F52C835983009F32DA /* 5@2x.png */; };
		8724812C2C835985009F32DA /* 18@3x.png in Resources */ = {isa = PBXBuildFile; fileRef = 872480F62C835983009F32DA /* 18@3x.png */; };
		8724812D2C835985009F32DA /* 12@3x.png in Resources */ = {isa = PBXBuildFile; fileRef = 872480F72C835983009F32DA /* 12@3x.png */; };
		8724812E2C835985009F32DA /* 4@2x.png in Resources */ = {isa = PBXBuildFile; fileRef = 872480F82C835983009F32DA /* 4@2x.png */; };
		8724812F2C835985009F32DA /* 12@2x.png in Resources */ = {isa = PBXBuildFile; fileRef = 872480F92C835983009F32DA /* 12@2x.png */; };
		872481302C835985009F32DA /* 6.png in Resources */ = {isa = PBXBuildFile; fileRef = 872480FA2C835983009F32DA /* 6.png */; };
		872481312C835985009F32DA /* 10@3x.png in Resources */ = {isa = PBXBuildFile; fileRef = 872480FB2C835983009F32DA /* 10@3x.png */; };
		872481322C835985009F32DA /* 17@2x.png in Resources */ = {isa = PBXBuildFile; fileRef = 872480FC2C835984009F32DA /* 17@2x.png */; };
		872481332C835985009F32DA /* 4@3x.png in Resources */ = {isa = PBXBuildFile; fileRef = 872480FD2C835984009F32DA /* 4@3x.png */; };
		872481342C835985009F32DA /* 7@2x.png in Resources */ = {isa = PBXBuildFile; fileRef = 872480FE2C835984009F32DA /* 7@2x.png */; };
		872481352C835985009F32DA /* 17@3x.png in Resources */ = {isa = PBXBuildFile; fileRef = 872480FF2C835984009F32DA /* 17@3x.png */; };
		872481362C835985009F32DA /* 1@2x.png in Resources */ = {isa = PBXBuildFile; fileRef = 872481002C835984009F32DA /* 1@2x.png */; };
		872481372C835985009F32DA /* 13@2x.png in Resources */ = {isa = PBXBuildFile; fileRef = 872481012C835984009F32DA /* 13@2x.png */; };
		872481382C835985009F32DA /* 15@2x.png in Resources */ = {isa = PBXBuildFile; fileRef = 872481022C835984009F32DA /* 15@2x.png */; };
		872481392C835985009F32DA /* 7.png in Resources */ = {isa = PBXBuildFile; fileRef = 872481032C835984009F32DA /* 7.png */; };
		8724813A2C835985009F32DA /* 2.png in Resources */ = {isa = PBXBuildFile; fileRef = 872481042C835984009F32DA /* 2.png */; };
		8724813B2C835985009F32DA /* 14.png in Resources */ = {isa = PBXBuildFile; fileRef = 872481052C835984009F32DA /* 14.png */; };
		8724813C2C835985009F32DA /* 12.png in Resources */ = {isa = PBXBuildFile; fileRef = 872481062C835984009F32DA /* 12.png */; };
		8724813D2C835985009F32DA /* 8@2x.png in Resources */ = {isa = PBXBuildFile; fileRef = 872481072C835984009F32DA /* 8@2x.png */; };
		8724813E2C835985009F32DA /* 2@2x.png in Resources */ = {isa = PBXBuildFile; fileRef = 872481082C835984009F32DA /* 2@2x.png */; };
		8724813F2C835985009F32DA /* 5.png in Resources */ = {isa = PBXBuildFile; fileRef = 872481092C835984009F32DA /* 5.png */; };
		872481402C835985009F32DA /* 8@3x.png in Resources */ = {isa = PBXBuildFile; fileRef = 8724810A2C835984009F32DA /* 8@3x.png */; };
		872481412C835985009F32DA /* 8.png in Resources */ = {isa = PBXBuildFile; fileRef = 8724810B2C835984009F32DA /* 8.png */; };
		872481422C835985009F32DA /* 2@3x.png in Resources */ = {isa = PBXBuildFile; fileRef = 8724810C2C835984009F32DA /* 2@3x.png */; };
		872481432C835985009F32DA /* 15.png in Resources */ = {isa = PBXBuildFile; fileRef = 8724810D2C835984009F32DA /* 15.png */; };
		872481442C835985009F32DA /* 15@3x.png in Resources */ = {isa = PBXBuildFile; fileRef = 8724810E2C835984009F32DA /* 15@3x.png */; };
		872481452C835985009F32DA /* 17.png in Resources */ = {isa = PBXBuildFile; fileRef = 8724810F2C835985009F32DA /* 17.png */; };
		872481462C835985009F32DA /* 11.png in Resources */ = {isa = PBXBuildFile; fileRef = 872481102C835985009F32DA /* 11.png */; };
		872481472C835985009F32DA /* 4.png in Resources */ = {isa = PBXBuildFile; fileRef = 872481112C835985009F32DA /* 4.png */; };
		872481482C835985009F32DA /* 13@3x.png in Resources */ = {isa = PBXBuildFile; fileRef = 872481122C835985009F32DA /* 13@3x.png */; };
		872481492C835985009F32DA /* 16.png in Resources */ = {isa = PBXBuildFile; fileRef = 872481132C835985009F32DA /* 16.png */; };
		8724814A2C835985009F32DA /* 14@3x.png in Resources */ = {isa = PBXBuildFile; fileRef = 872481142C835985009F32DA /* 14@3x.png */; };
		8724814B2C835985009F32DA /* 11@2x.png in Resources */ = {isa = PBXBuildFile; fileRef = 872481152C835985009F32DA /* 11@2x.png */; };
		8724814C2C835985009F32DA /* 10@2x.png in Resources */ = {isa = PBXBuildFile; fileRef = 872481162C835985009F32DA /* 10@2x.png */; };
		8724814D2C835985009F32DA /* 9@2x.png in Resources */ = {isa = PBXBuildFile; fileRef = 872481172C835985009F32DA /* 9@2x.png */; };
		8724814E2C835985009F32DA /* 16@2x.png in Resources */ = {isa = PBXBuildFile; fileRef = 872481182C835985009F32DA /* 16@2x.png */; };
		8724814F2C835985009F32DA /* 10.png in Resources */ = {isa = PBXBuildFile; fileRef = 872481192C835985009F32DA /* 10.png */; };
		872481502C835985009F32DA /* 3.png in Resources */ = {isa = PBXBuildFile; fileRef = 8724811A2C835985009F32DA /* 3.png */; };
		872481512C835985009F32DA /* 5@3x.png in Resources */ = {isa = PBXBuildFile; fileRef = 8724811B2C835985009F32DA /* 5@3x.png */; };
		872481522C835985009F32DA /* 13.png in Resources */ = {isa = PBXBuildFile; fileRef = 8724811C2C835985009F32DA /* 13.png */; };
		872481532C835985009F32DA /* 18@2x.png in Resources */ = {isa = PBXBuildFile; fileRef = 8724811D2C835985009F32DA /* 18@2x.png */; };
		872481542C835985009F32DA /* 9.png in Resources */ = {isa = PBXBuildFile; fileRef = 8724811E2C835985009F32DA /* 9.png */; };
		872481552C835985009F32DA /* 9@3x.png in Resources */ = {isa = PBXBuildFile; fileRef = 8724811F2C835985009F32DA /* 9@3x.png */; };
		872481562C835985009F32DA /* 6@3x.png in Resources */ = {isa = PBXBuildFile; fileRef = 872481202C835985009F32DA /* 6@3x.png */; };
		872481572C835985009F32DA /* 11@3x.png in Resources */ = {isa = PBXBuildFile; fileRef = 872481212C835985009F32DA /* 11@3x.png */; };
		8724815D2C835D13009F32DA /* Assets.xcassets in Resources */ = {isa = PBXBuildFile; fileRef = 8724815C2C835D13009F32DA /* Assets.xcassets */; };
		872481632C835D14009F32DA /* LgbtPackApp MessagesExtension.appex in Embed Foundation Extensions */ = {isa = PBXBuildFile; fileRef = 872481622C835D14009F32DA /* LgbtPackApp MessagesExtension.appex */; settings = {ATTRIBUTES = (RemoveHeadersOnCopy, ); }; };
		872481662C835D14009F32DA /* Messages.framework in Frameworks */ = {isa = PBXBuildFile; fileRef = 872480D72C830F38009F32DA /* Messages.framework */; };
		872481692C835D14009F32DA /* MessagesViewController.swift in Sources */ = {isa = PBXBuildFile; fileRef = 872481682C835D14009F32DA /* MessagesViewController.swift */; };
		8724816C2C835D14009F32DA /* Base in Resources */ = {isa = PBXBuildFile; fileRef = 8724816B2C835D14009F32DA /* Base */; };
		8724816E2C835D15009F32DA /* Assets.xcassets in Resources */ = {isa = PBXBuildFile; fileRef = 8724816D2C835D15009F32DA /* Assets.xcassets */; };
		97C146FC1CF9000F007C117D /* Main.storyboard in Resources */ = {isa = PBXBuildFile; fileRef = 97C146FA1CF9000F007C117D /* Main.storyboard */; };
		97C146FE1CF9000F007C117D /* Assets.xcassets in Resources */ = {isa = PBXBuildFile; fileRef = 97C146FD1CF9000F007C117D /* Assets.xcassets */; };
		97C147011CF9000F007C117D /* LaunchScreen.storyboard in Resources */ = {isa = PBXBuildFile; fileRef = 97C146FF1CF9000F007C117D /* LaunchScreen.storyboard */; };
		CE916BC8B1288DA713C98444 /* Pods_Runner.framework in Frameworks */ = {isa = PBXBuildFile; fileRef = A469F426BBC96C6B46AAC16B /* Pods_Runner.framework */; };
		E3B6E06972B7CF340D1D554C /* Pods_RunnerTests.framework in Frameworks */ = {isa = PBXBuildFile; fileRef = E8AF0AE3A76BD4135FB36E8F /* Pods_RunnerTests.framework */; };
/* End PBXBuildFile section */

/* Begin PBXContainerItemProxy section */
		331C8085294A63A400263BE5 /* PBXContainerItemProxy */ = {
			isa = PBXContainerItemProxy;
			containerPortal = 97C146E61CF9000F007C117D /* Project object */;
			proxyType = 1;
			remoteGlobalIDString = 97C146ED1CF9000F007C117D;
			remoteInfo = Runner;
		};
		872480E22C830F3C009F32DA /* PBXContainerItemProxy */ = {
			isa = PBXContainerItemProxy;
			containerPortal = 97C146E61CF9000F007C117D /* Project object */;
			proxyType = 1;
			remoteGlobalIDString = 872480D52C830F38009F32DA;
			remoteInfo = LgbtPack;
		};
		872481642C835D14009F32DA /* PBXContainerItemProxy */ = {
			isa = PBXContainerItemProxy;
			containerPortal = 97C146E61CF9000F007C117D /* Project object */;
			proxyType = 1;
			remoteGlobalIDString = 872481612C835D14009F32DA;
			remoteInfo = "LgbtPackApp MessagesExtension";
		};
/* End PBXContainerItemProxy section */

/* Begin PBXCopyFilesBuildPhase section */
		872480E52C830F3C009F32DA /* Embed Foundation Extensions */ = {
			isa = PBXCopyFilesBuildPhase;
			buildActionMask = 2147483647;
			dstPath = "";
			dstSubfolderSpec = 13;
			files = (
				872480E42C830F3C009F32DA /* LgbtPack.appex in Embed Foundation Extensions */,
			);
			name = "Embed Foundation Extensions";
			runOnlyForDeploymentPostprocessing = 0;
		};
		872481732C835D15009F32DA /* Embed Foundation Extensions */ = {
			isa = PBXCopyFilesBuildPhase;
			buildActionMask = 2147483647;
			dstPath = "";
			dstSubfolderSpec = 13;
			files = (
				872481632C835D14009F32DA /* LgbtPackApp MessagesExtension.appex in Embed Foundation Extensions */,
			);
			name = "Embed Foundation Extensions";
			runOnlyForDeploymentPostprocessing = 0;
		};
		9705A1C41CF9048500538489 /* Embed Frameworks */ = {
			isa = PBXCopyFilesBuildPhase;
			buildActionMask = 2147483647;
			dstPath = "";
			dstSubfolderSpec = 10;
			files = (
			);
			name = "Embed Frameworks";
			runOnlyForDeploymentPostprocessing = 0;
		};
/* End PBXCopyFilesBuildPhase section */

/* Begin PBXFileReference section */
		0A56A6ADC715395E29B6877A /* Pods-Runner.debug.xcconfig */ = {isa = PBXFileReference; includeInIndex = 1; lastKnownFileType = text.xcconfig; name = "Pods-Runner.debug.xcconfig"; path = "Target Support Files/Pods-Runner/Pods-Runner.debug.xcconfig"; sourceTree = "<group>"; };
		1207F6A877E0CBD8D6D1EF40 /* Pods-Runner.profile.xcconfig */ = {isa = PBXFileReference; includeInIndex = 1; lastKnownFileType = text.xcconfig; name = "Pods-Runner.profile.xcconfig"; path = "Target Support Files/Pods-Runner/Pods-Runner.profile.xcconfig"; sourceTree = "<group>"; };
		1498D2321E8E86230040F4C2 /* GeneratedPluginRegistrant.h */ = {isa = PBXFileReference; lastKnownFileType = sourcecode.c.h; path = GeneratedPluginRegistrant.h; sourceTree = "<group>"; };
		1498D2331E8E89220040F4C2 /* GeneratedPluginRegistrant.m */ = {isa = PBXFileReference; fileEncoding = 4; lastKnownFileType = sourcecode.c.objc; path = GeneratedPluginRegistrant.m; sourceTree = "<group>"; };
		19D207E07CE2C7E64B820BD4 /* Pods-RunnerTests.profile.xcconfig */ = {isa = PBXFileReference; includeInIndex = 1; lastKnownFileType = text.xcconfig; name = "Pods-RunnerTests.profile.xcconfig"; path = "Target Support Files/Pods-RunnerTests/Pods-RunnerTests.profile.xcconfig"; sourceTree = "<group>"; };
		331C807B294A618700263BE5 /* RunnerTests.swift */ = {isa = PBXFileReference; lastKnownFileType = sourcecode.swift; path = RunnerTests.swift; sourceTree = "<group>"; };
		331C8081294A63A400263BE5 /* RunnerTests.xctest */ = {isa = PBXFileReference; explicitFileType = wrapper.cfbundle; includeInIndex = 0; path = RunnerTests.xctest; sourceTree = BUILT_PRODUCTS_DIR; };
		3B3967151E833CAA004F5970 /* AppFrameworkInfo.plist */ = {isa = PBXFileReference; fileEncoding = 4; lastKnownFileType = text.plist.xml; name = AppFrameworkInfo.plist; path = Flutter/AppFrameworkInfo.plist; sourceTree = "<group>"; };
		4BD70452D81C4B39A629BE9D /* Pods-RunnerTests.release.xcconfig */ = {isa = PBXFileReference; includeInIndex = 1; lastKnownFileType = text.xcconfig; name = "Pods-RunnerTests.release.xcconfig"; path = "Target Support Files/Pods-RunnerTests/Pods-RunnerTests.release.xcconfig"; sourceTree = "<group>"; };
		74858FAD1ED2DC5600515810 /* Runner-Bridging-Header.h */ = {isa = PBXFileReference; lastKnownFileType = sourcecode.c.h; path = "Runner-Bridging-Header.h"; sourceTree = "<group>"; };
		74858FAE1ED2DC5600515810 /* AppDelegate.swift */ = {isa = PBXFileReference; fileEncoding = 4; lastKnownFileType = sourcecode.swift; path = AppDelegate.swift; sourceTree = "<group>"; };
		7AFA3C8E1D35360C0083082E /* Release.xcconfig */ = {isa = PBXFileReference; lastKnownFileType = text.xcconfig; name = Release.xcconfig; path = Flutter/Release.xcconfig; sourceTree = "<group>"; };
		872480D62C830F38009F32DA /* LgbtPack.appex */ = {isa = PBXFileReference; explicitFileType = "wrapper.app-extension"; includeInIndex = 0; path = LgbtPack.appex; sourceTree = BUILT_PRODUCTS_DIR; };
		872480D72C830F38009F32DA /* Messages.framework */ = {isa = PBXFileReference; lastKnownFileType = wrapper.framework; name = Messages.framework; path = System/Library/Frameworks/Messages.framework; sourceTree = SDKROOT; };
		872480DA2C830F38009F32DA /* MessagesViewController.swift */ = {isa = PBXFileReference; lastKnownFileType = sourcecode.swift; path = MessagesViewController.swift; sourceTree = "<group>"; };
		872480DD2C830F38009F32DA /* Base */ = {isa = PBXFileReference; lastKnownFileType = file.storyboard; name = Base; path = Base.lproj/MainInterface.storyboard; sourceTree = "<group>"; };
		872480DF2C830F3C009F32DA /* Assets.xcassets */ = {isa = PBXFileReference; lastKnownFileType = folder.assetcatalog; path = Assets.xcassets; sourceTree = "<group>"; };
		872480E12C830F3C009F32DA /* Info.plist */ = {isa = PBXFileReference; lastKnownFileType = text.plist.xml; path = Info.plist; sourceTree = "<group>"; };
		872480EA2C830F83009F32DA /* LgbtPackVC.swift */ = {isa = PBXFileReference; lastKnownFileType = sourcecode.swift; path = LgbtPackVC.swift; sourceTree = "<group>"; };
		872480EC2C835983009F32DA /* 7@3x.png */ = {isa = PBXFileReference; lastKnownFileType = image.png; name = "7@3x.png"; path = "../../../../../Downloads/7@3x.png"; sourceTree = "<group>"; };
		872480ED2C835983009F32DA /* 16@3x.png */ = {isa = PBXFileReference; lastKnownFileType = image.png; name = "16@3x.png"; path = "../../../../../Downloads/16@3x.png"; sourceTree = "<group>"; };
		872480EE2C835983009F32DA /* 6@2x.png */ = {isa = PBXFileReference; lastKnownFileType = image.png; name = "6@2x.png"; path = "../../../../../Downloads/6@2x.png"; sourceTree = "<group>"; };
		872480EF2C835983009F32DA /* 3@3x.png */ = {isa = PBXFileReference; lastKnownFileType = image.png; name = "3@3x.png"; path = "../../../../../Downloads/3@3x.png"; sourceTree = "<group>"; };
		872480F02C835983009F32DA /* 14@2x.png */ = {isa = PBXFileReference; lastKnownFileType = image.png; name = "14@2x.png"; path = "../../../../../Downloads/14@2x.png"; sourceTree = "<group>"; };
		872480F12C835983009F32DA /* 3@2x.png */ = {isa = PBXFileReference; lastKnownFileType = image.png; name = "3@2x.png"; path = "../../../../../Downloads/3@2x.png"; sourceTree = "<group>"; };
		872480F22C835983009F32DA /* 1.png */ = {isa = PBXFileReference; lastKnownFileType = image.png; name = 1.png; path = ../../../../../Downloads/1.png; sourceTree = "<group>"; };
		872480F32C835983009F32DA /* 18.png */ = {isa = PBXFileReference; lastKnownFileType = image.png; name = 18.png; path = ../../../../../Downloads/18.png; sourceTree = "<group>"; };
		872480F42C835983009F32DA /* 1@3x.png */ = {isa = PBXFileReference; lastKnownFileType = image.png; name = "1@3x.png"; path = "../../../../../Downloads/1@3x.png"; sourceTree = "<group>"; };
		872480F52C835983009F32DA /* 5@2x.png */ = {isa = PBXFileReference; lastKnownFileType = image.png; name = "5@2x.png"; path = "../../../../../Downloads/5@2x.png"; sourceTree = "<group>"; };
		872480F62C835983009F32DA /* 18@3x.png */ = {isa = PBXFileReference; lastKnownFileType = image.png; name = "18@3x.png"; path = "../../../../../Downloads/18@3x.png"; sourceTree = "<group>"; };
		872480F72C835983009F32DA /* 12@3x.png */ = {isa = PBXFileReference; lastKnownFileType = image.png; name = "12@3x.png"; path = "../../../../../Downloads/12@3x.png"; sourceTree = "<group>"; };
		872480F82C835983009F32DA /* 4@2x.png */ = {isa = PBXFileReference; lastKnownFileType = image.png; name = "4@2x.png"; path = "../../../../../Downloads/4@2x.png"; sourceTree = "<group>"; };
		872480F92C835983009F32DA /* 12@2x.png */ = {isa = PBXFileReference; lastKnownFileType = image.png; name = "12@2x.png"; path = "../../../../../Downloads/12@2x.png"; sourceTree = "<group>"; };
		872480FA2C835983009F32DA /* 6.png */ = {isa = PBXFileReference; lastKnownFileType = image.png; name = 6.png; path = ../../../../../Downloads/6.png; sourceTree = "<group>"; };
		872480FB2C835983009F32DA /* 10@3x.png */ = {isa = PBXFileReference; lastKnownFileType = image.png; name = "10@3x.png"; path = "../../../../../Downloads/10@3x.png"; sourceTree = "<group>"; };
		872480FC2C835984009F32DA /* 17@2x.png */ = {isa = PBXFileReference; lastKnownFileType = image.png; name = "17@2x.png"; path = "../../../../../Downloads/17@2x.png"; sourceTree = "<group>"; };
		872480FD2C835984009F32DA /* 4@3x.png */ = {isa = PBXFileReference; lastKnownFileType = image.png; name = "4@3x.png"; path = "../../../../../Downloads/4@3x.png"; sourceTree = "<group>"; };
		872480FE2C835984009F32DA /* 7@2x.png */ = {isa = PBXFileReference; lastKnownFileType = image.png; name = "7@2x.png"; path = "../../../../../Downloads/7@2x.png"; sourceTree = "<group>"; };
		872480FF2C835984009F32DA /* 17@3x.png */ = {isa = PBXFileReference; lastKnownFileType = image.png; name = "17@3x.png"; path = "../../../../../Downloads/17@3x.png"; sourceTree = "<group>"; };
		872481002C835984009F32DA /* 1@2x.png */ = {isa = PBXFileReference; lastKnownFileType = image.png; name = "1@2x.png"; path = "../../../../../Downloads/1@2x.png"; sourceTree = "<group>"; };
		872481012C835984009F32DA /* 13@2x.png */ = {isa = PBXFileReference; lastKnownFileType = image.png; name = "13@2x.png"; path = "../../../../../Downloads/13@2x.png"; sourceTree = "<group>"; };
		872481022C835984009F32DA /* 15@2x.png */ = {isa = PBXFileReference; lastKnownFileType = image.png; name = "15@2x.png"; path = "../../../../../Downloads/15@2x.png"; sourceTree = "<group>"; };
		872481032C835984009F32DA /* 7.png */ = {isa = PBXFileReference; lastKnownFileType = image.png; name = 7.png; path = ../../../../../Downloads/7.png; sourceTree = "<group>"; };
		872481042C835984009F32DA /* 2.png */ = {isa = PBXFileReference; lastKnownFileType = image.png; name = 2.png; path = ../../../../../Downloads/2.png; sourceTree = "<group>"; };
		872481052C835984009F32DA /* 14.png */ = {isa = PBXFileReference; lastKnownFileType = image.png; name = 14.png; path = ../../../../../Downloads/14.png; sourceTree = "<group>"; };
		872481062C835984009F32DA /* 12.png */ = {isa = PBXFileReference; lastKnownFileType = image.png; name = 12.png; path = ../../../../../Downloads/12.png; sourceTree = "<group>"; };
		872481072C835984009F32DA /* 8@2x.png */ = {isa = PBXFileReference; lastKnownFileType = image.png; name = "8@2x.png"; path = "../../../../../Downloads/8@2x.png"; sourceTree = "<group>"; };
		872481082C835984009F32DA /* 2@2x.png */ = {isa = PBXFileReference; lastKnownFileType = image.png; name = "2@2x.png"; path = "../../../../../Downloads/2@2x.png"; sourceTree = "<group>"; };
		872481092C835984009F32DA /* 5.png */ = {isa = PBXFileReference; lastKnownFileType = image.png; name = 5.png; path = ../../../../../Downloads/5.png; sourceTree = "<group>"; };
		8724810A2C835984009F32DA /* 8@3x.png */ = {isa = PBXFileReference; lastKnownFileType = image.png; name = "8@3x.png"; path = "../../../../../Downloads/8@3x.png"; sourceTree = "<group>"; };
		8724810B2C835984009F32DA /* 8.png */ = {isa = PBXFileReference; lastKnownFileType = image.png; name = 8.png; path = ../../../../../Downloads/8.png; sourceTree = "<group>"; };
		8724810C2C835984009F32DA /* 2@3x.png */ = {isa = PBXFileReference; lastKnownFileType = image.png; name = "2@3x.png"; path = "../../../../../Downloads/2@3x.png"; sourceTree = "<group>"; };
		8724810D2C835984009F32DA /* 15.png */ = {isa = PBXFileReference; lastKnownFileType = image.png; name = 15.png; path = ../../../../../Downloads/15.png; sourceTree = "<group>"; };
		8724810E2C835984009F32DA /* 15@3x.png */ = {isa = PBXFileReference; lastKnownFileType = image.png; name = "15@3x.png"; path = "../../../../../Downloads/15@3x.png"; sourceTree = "<group>"; };
		8724810F2C835985009F32DA /* 17.png */ = {isa = PBXFileReference; lastKnownFileType = image.png; name = 17.png; path = ../../../../../Downloads/17.png; sourceTree = "<group>"; };
		872481102C835985009F32DA /* 11.png */ = {isa = PBXFileReference; lastKnownFileType = image.png; name = 11.png; path = ../../../../../Downloads/11.png; sourceTree = "<group>"; };
		872481112C835985009F32DA /* 4.png */ = {isa = PBXFileReference; lastKnownFileType = image.png; name = 4.png; path = ../../../../../Downloads/4.png; sourceTree = "<group>"; };
		872481122C835985009F32DA /* 13@3x.png */ = {isa = PBXFileReference; lastKnownFileType = image.png; name = "13@3x.png"; path = "../../../../../Downloads/13@3x.png"; sourceTree = "<group>"; };
		872481132C835985009F32DA /* 16.png */ = {isa = PBXFileReference; lastKnownFileType = image.png; name = 16.png; path = ../../../../../Downloads/16.png; sourceTree = "<group>"; };
		872481142C835985009F32DA /* 14@3x.png */ = {isa = PBXFileReference; lastKnownFileType = image.png; name = "14@3x.png"; path = "../../../../../Downloads/14@3x.png"; sourceTree = "<group>"; };
		872481152C835985009F32DA /* 11@2x.png */ = {isa = PBXFileReference; lastKnownFileType = image.png; name = "11@2x.png"; path = "../../../../../Downloads/11@2x.png"; sourceTree = "<group>"; };
		872481162C835985009F32DA /* 10@2x.png */ = {isa = PBXFileReference; lastKnownFileType = image.png; name = "10@2x.png"; path = "../../../../../Downloads/10@2x.png"; sourceTree = "<group>"; };
		872481172C835985009F32DA /* 9@2x.png */ = {isa = PBXFileReference; lastKnownFileType = image.png; name = "9@2x.png"; path = "../../../../../Downloads/9@2x.png"; sourceTree = "<group>"; };
		872481182C835985009F32DA /* 16@2x.png */ = {isa = PBXFileReference; lastKnownFileType = image.png; name = "16@2x.png"; path = "../../../../../Downloads/16@2x.png"; sourceTree = "<group>"; };
		872481192C835985009F32DA /* 10.png */ = {isa = PBXFileReference; lastKnownFileType = image.png; name = 10.png; path = ../../../../../Downloads/10.png; sourceTree = "<group>"; };
		8724811A2C835985009F32DA /* 3.png */ = {isa = PBXFileReference; lastKnownFileType = image.png; name = 3.png; path = ../../../../../Downloads/3.png; sourceTree = "<group>"; };
		8724811B2C835985009F32DA /* 5@3x.png */ = {isa = PBXFileReference; lastKnownFileType = image.png; name = "5@3x.png"; path = "../../../../../Downloads/5@3x.png"; sourceTree = "<group>"; };
		8724811C2C835985009F32DA /* 13.png */ = {isa = PBXFileReference; lastKnownFileType = image.png; name = 13.png; path = ../../../../../Downloads/13.png; sourceTree = "<group>"; };
		8724811D2C835985009F32DA /* 18@2x.png */ = {isa = PBXFileReference; lastKnownFileType = image.png; name = "18@2x.png"; path = "../../../../../Downloads/18@2x.png"; sourceTree = "<group>"; };
		8724811E2C835985009F32DA /* 9.png */ = {isa = PBXFileReference; lastKnownFileType = image.png; name = 9.png; path = ../../../../../Downloads/9.png; sourceTree = "<group>"; };
		8724811F2C835985009F32DA /* 9@3x.png */ = {isa = PBXFileReference; lastKnownFileType = image.png; name = "9@3x.png"; path = "../../../../../Downloads/9@3x.png"; sourceTree = "<group>"; };
		872481202C835985009F32DA /* 6@3x.png */ = {isa = PBXFileReference; lastKnownFileType = image.png; name = "6@3x.png"; path = "../../../../../Downloads/6@3x.png"; sourceTree = "<group>"; };
		872481212C835985009F32DA /* 11@3x.png */ = {isa = PBXFileReference; lastKnownFileType = image.png; name = "11@3x.png"; path = "../../../../../Downloads/11@3x.png"; sourceTree = "<group>"; };
		8724815A2C835D10009F32DA /* LgbtPackApp.app */ = {isa = PBXFileReference; explicitFileType = wrapper.application; includeInIndex = 0; path = LgbtPackApp.app; sourceTree = BUILT_PRODUCTS_DIR; };
		8724815C2C835D13009F32DA /* Assets.xcassets */ = {isa = PBXFileReference; lastKnownFileType = folder.assetcatalog; path = Assets.xcassets; sourceTree = "<group>"; };
		872481622C835D14009F32DA /* LgbtPackApp MessagesExtension.appex */ = {isa = PBXFileReference; explicitFileType = "wrapper.app-extension"; includeInIndex = 0; path = "LgbtPackApp MessagesExtension.appex"; sourceTree = BUILT_PRODUCTS_DIR; };
		872481682C835D14009F32DA /* MessagesViewController.swift */ = {isa = PBXFileReference; lastKnownFileType = sourcecode.swift; path = MessagesViewController.swift; sourceTree = "<group>"; };
		8724816B2C835D14009F32DA /* Base */ = {isa = PBXFileReference; lastKnownFileType = file.storyboard; name = Base; path = Base.lproj/MainInterface.storyboard; sourceTree = "<group>"; };
		8724816D2C835D15009F32DA /* Assets.xcassets */ = {isa = PBXFileReference; lastKnownFileType = folder.assetcatalog; path = Assets.xcassets; sourceTree = "<group>"; };
		8724816F2C835D15009F32DA /* Info.plist */ = {isa = PBXFileReference; lastKnownFileType = text.plist.xml; path = Info.plist; sourceTree = "<group>"; };
		872481792C835D51009F32DA /* Runner.entitlements */ = {isa = PBXFileReference; lastKnownFileType = text.plist.entitlements; path = Runner.entitlements; sourceTree = "<group>"; };
		8724817A2C835D67009F32DA /* LgbtPack.entitlements */ = {isa = PBXFileReference; lastKnownFileType = text.plist.entitlements; path = LgbtPack.entitlements; sourceTree = "<group>"; };
		9220717D49F7F3C293BFFBA7 /* Pods-RunnerTests.debug.xcconfig */ = {isa = PBXFileReference; includeInIndex = 1; lastKnownFileType = text.xcconfig; name = "Pods-RunnerTests.debug.xcconfig"; path = "Target Support Files/Pods-RunnerTests/Pods-RunnerTests.debug.xcconfig"; sourceTree = "<group>"; };
		9740EEB21CF90195004384FC /* Debug.xcconfig */ = {isa = PBXFileReference; fileEncoding = 4; lastKnownFileType = text.xcconfig; name = Debug.xcconfig; path = Flutter/Debug.xcconfig; sourceTree = "<group>"; };
		9740EEB31CF90195004384FC /* Generated.xcconfig */ = {isa = PBXFileReference; fileEncoding = 4; lastKnownFileType = text.xcconfig; name = Generated.xcconfig; path = Flutter/Generated.xcconfig; sourceTree = "<group>"; };
		97C146EE1CF9000F007C117D /* Runner.app */ = {isa = PBXFileReference; explicitFileType = wrapper.application; includeInIndex = 0; path = Runner.app; sourceTree = BUILT_PRODUCTS_DIR; };
		97C146FB1CF9000F007C117D /* Base */ = {isa = PBXFileReference; lastKnownFileType = file.storyboard; name = Base; path = Base.lproj/Main.storyboard; sourceTree = "<group>"; };
		97C146FD1CF9000F007C117D /* Assets.xcassets */ = {isa = PBXFileReference; lastKnownFileType = folder.assetcatalog; path = Assets.xcassets; sourceTree = "<group>"; };
		97C147001CF9000F007C117D /* Base */ = {isa = PBXFileReference; lastKnownFileType = file.storyboard; name = Base; path = Base.lproj/LaunchScreen.storyboard; sourceTree = "<group>"; };
		97C147021CF9000F007C117D /* Info.plist */ = {isa = PBXFileReference; lastKnownFileType = text.plist.xml; path = Info.plist; sourceTree = "<group>"; };
		A469F426BBC96C6B46AAC16B /* Pods_Runner.framework */ = {isa = PBXFileReference; explicitFileType = wrapper.framework; includeInIndex = 0; path = Pods_Runner.framework; sourceTree = BUILT_PRODUCTS_DIR; };
		C734958687D4F8E83D6385E6 /* Pods-Runner.release.xcconfig */ = {isa = PBXFileReference; includeInIndex = 1; lastKnownFileType = text.xcconfig; name = "Pods-Runner.release.xcconfig"; path = "Target Support Files/Pods-Runner/Pods-Runner.release.xcconfig"; sourceTree = "<group>"; };
		E8AF0AE3A76BD4135FB36E8F /* Pods_RunnerTests.framework */ = {isa = PBXFileReference; explicitFileType = wrapper.framework; includeInIndex = 0; path = Pods_RunnerTests.framework; sourceTree = BUILT_PRODUCTS_DIR; };
/* End PBXFileReference section */

/* Begin PBXFrameworksBuildPhase section */
		0C2A2C593720F6BF65FDD793 /* Frameworks */ = {
			isa = PBXFrameworksBuildPhase;
			buildActionMask = 2147483647;
			files = (
				E3B6E06972B7CF340D1D554C /* Pods_RunnerTests.framework in Frameworks */,
			);
			runOnlyForDeploymentPostprocessing = 0;
		};
		872480D32C830F38009F32DA /* Frameworks */ = {
			isa = PBXFrameworksBuildPhase;
			buildActionMask = 2147483647;
			files = (
				872480D82C830F38009F32DA /* Messages.framework in Frameworks */,
			);
			runOnlyForDeploymentPostprocessing = 0;
		};
		8724815F2C835D14009F32DA /* Frameworks */ = {
			isa = PBXFrameworksBuildPhase;
			buildActionMask = 2147483647;
			files = (
				872481662C835D14009F32DA /* Messages.framework in Frameworks */,
			);
			runOnlyForDeploymentPostprocessing = 0;
		};
		97C146EB1CF9000F007C117D /* Frameworks */ = {
			isa = PBXFrameworksBuildPhase;
			buildActionMask = 2147483647;
			files = (
				CE916BC8B1288DA713C98444 /* Pods_Runner.framework in Frameworks */,
			);
			runOnlyForDeploymentPostprocessing = 0;
		};
/* End PBXFrameworksBuildPhase section */

/* Begin PBXGroup section */
		331C8082294A63A400263BE5 /* RunnerTests */ = {
			isa = PBXGroup;
			children = (
				331C807B294A618700263BE5 /* RunnerTests.swift */,
			);
			path = RunnerTests;
			sourceTree = "<group>";
		};
		57A79845EDA86DB0FEBB0168 /* Pods */ = {
			isa = PBXGroup;
			children = (
				0A56A6ADC715395E29B6877A /* Pods-Runner.debug.xcconfig */,
				C734958687D4F8E83D6385E6 /* Pods-Runner.release.xcconfig */,
				1207F6A877E0CBD8D6D1EF40 /* Pods-Runner.profile.xcconfig */,
				9220717D49F7F3C293BFFBA7 /* Pods-RunnerTests.debug.xcconfig */,
				4BD70452D81C4B39A629BE9D /* Pods-RunnerTests.release.xcconfig */,
				19D207E07CE2C7E64B820BD4 /* Pods-RunnerTests.profile.xcconfig */,
			);
			path = Pods;
			sourceTree = "<group>";
		};
		5861937C83C87645B325D069 /* Frameworks */ = {
			isa = PBXGroup;
			children = (
				A469F426BBC96C6B46AAC16B /* Pods_Runner.framework */,
				E8AF0AE3A76BD4135FB36E8F /* Pods_RunnerTests.framework */,
				872480D72C830F38009F32DA /* Messages.framework */,
			);
			name = Frameworks;
			sourceTree = "<group>";
		};
		872480D92C830F38009F32DA /* LgbtPack */ = {
			isa = PBXGroup;
			children = (
				8724817A2C835D67009F32DA /* LgbtPack.entitlements */,
				872480F22C835983009F32DA /* 1.png */,
				872481002C835984009F32DA /* 1@2x.png */,
				872480F42C835983009F32DA /* 1@3x.png */,
				872481042C835984009F32DA /* 2.png */,
				872481082C835984009F32DA /* 2@2x.png */,
				8724810C2C835984009F32DA /* 2@3x.png */,
				8724811A2C835985009F32DA /* 3.png */,
				872480F12C835983009F32DA /* 3@2x.png */,
				872480EF2C835983009F32DA /* 3@3x.png */,
				872481112C835985009F32DA /* 4.png */,
				872480F82C835983009F32DA /* 4@2x.png */,
				872480FD2C835984009F32DA /* 4@3x.png */,
				872481092C835984009F32DA /* 5.png */,
				872480F52C835983009F32DA /* 5@2x.png */,
				8724811B2C835985009F32DA /* 5@3x.png */,
				872480FA2C835983009F32DA /* 6.png */,
				872480EE2C835983009F32DA /* 6@2x.png */,
				872481202C835985009F32DA /* 6@3x.png */,
				872481032C835984009F32DA /* 7.png */,
				872480FE2C835984009F32DA /* 7@2x.png */,
				872480EC2C835983009F32DA /* 7@3x.png */,
				8724810B2C835984009F32DA /* 8.png */,
				872481072C835984009F32DA /* 8@2x.png */,
				8724810A2C835984009F32DA /* 8@3x.png */,
				8724811E2C835985009F32DA /* 9.png */,
				872481172C835985009F32DA /* 9@2x.png */,
				8724811F2C835985009F32DA /* 9@3x.png */,
				872481192C835985009F32DA /* 10.png */,
				872481162C835985009F32DA /* 10@2x.png */,
				872480FB2C835983009F32DA /* 10@3x.png */,
				872481102C835985009F32DA /* 11.png */,
				872481152C835985009F32DA /* 11@2x.png */,
				872481212C835985009F32DA /* 11@3x.png */,
				872481062C835984009F32DA /* 12.png */,
				872480F92C835983009F32DA /* 12@2x.png */,
				872480F72C835983009F32DA /* 12@3x.png */,
				8724811C2C835985009F32DA /* 13.png */,
				872481012C835984009F32DA /* 13@2x.png */,
				872481122C835985009F32DA /* 13@3x.png */,
				872481052C835984009F32DA /* 14.png */,
				872480F02C835983009F32DA /* 14@2x.png */,
				872481142C835985009F32DA /* 14@3x.png */,
				8724810D2C835984009F32DA /* 15.png */,
				872481022C835984009F32DA /* 15@2x.png */,
				8724810E2C835984009F32DA /* 15@3x.png */,
				872481132C835985009F32DA /* 16.png */,
				872481182C835985009F32DA /* 16@2x.png */,
				872480ED2C835983009F32DA /* 16@3x.png */,
				8724810F2C835985009F32DA /* 17.png */,
				872480FC2C835984009F32DA /* 17@2x.png */,
				872480FF2C835984009F32DA /* 17@3x.png */,
				872480F32C835983009F32DA /* 18.png */,
				8724811D2C835985009F32DA /* 18@2x.png */,
				872480F62C835983009F32DA /* 18@3x.png */,
				872480DA2C830F38009F32DA /* MessagesViewController.swift */,
				872480DC2C830F38009F32DA /* MainInterface.storyboard */,
				872480DF2C830F3C009F32DA /* Assets.xcassets */,
				872480E12C830F3C009F32DA /* Info.plist */,
				872480EA2C830F83009F32DA /* LgbtPackVC.swift */,
			);
			path = LgbtPack;
			sourceTree = "<group>";
		};
		8724815B2C835D10009F32DA /* LgbtPackApp */ = {
			isa = PBXGroup;
			children = (
				8724815C2C835D13009F32DA /* Assets.xcassets */,
			);
			path = LgbtPackApp;
			sourceTree = "<group>";
		};
		872481672C835D14009F32DA /* LgbtPackApp MessagesExtension */ = {
			isa = PBXGroup;
			children = (
				872481682C835D14009F32DA /* MessagesViewController.swift */,
				8724816A2C835D14009F32DA /* MainInterface.storyboard */,
				8724816D2C835D15009F32DA /* Assets.xcassets */,
				8724816F2C835D15009F32DA /* Info.plist */,
			);
			path = "LgbtPackApp MessagesExtension";
			sourceTree = "<group>";
		};
		9740EEB11CF90186004384FC /* Flutter */ = {
			isa = PBXGroup;
			children = (
				3B3967151E833CAA004F5970 /* AppFrameworkInfo.plist */,
				9740EEB21CF90195004384FC /* Debug.xcconfig */,
				7AFA3C8E1D35360C0083082E /* Release.xcconfig */,
				9740EEB31CF90195004384FC /* Generated.xcconfig */,
			);
			name = Flutter;
			sourceTree = "<group>";
		};
		97C146E51CF9000F007C117D = {
			isa = PBXGroup;
			children = (
				9740EEB11CF90186004384FC /* Flutter */,
				97C146F01CF9000F007C117D /* Runner */,
				872480D92C830F38009F32DA /* LgbtPack */,
				8724815B2C835D10009F32DA /* LgbtPackApp */,
				872481672C835D14009F32DA /* LgbtPackApp MessagesExtension */,
				97C146EF1CF9000F007C117D /* Products */,
				331C8082294A63A400263BE5 /* RunnerTests */,
				57A79845EDA86DB0FEBB0168 /* Pods */,
				5861937C83C87645B325D069 /* Frameworks */,
			);
			sourceTree = "<group>";
		};
		97C146EF1CF9000F007C117D /* Products */ = {
			isa = PBXGroup;
			children = (
				97C146EE1CF9000F007C117D /* Runner.app */,
				331C8081294A63A400263BE5 /* RunnerTests.xctest */,
				872480D62C830F38009F32DA /* LgbtPack.appex */,
				8724815A2C835D10009F32DA /* LgbtPackApp.app */,
				872481622C835D14009F32DA /* LgbtPackApp MessagesExtension.appex */,
			);
			name = Products;
			sourceTree = "<group>";
		};
		97C146F01CF9000F007C117D /* Runner */ = {
			isa = PBXGroup;
			children = (
				872481792C835D51009F32DA /* Runner.entitlements */,
				97C146FA1CF9000F007C117D /* Main.storyboard */,
				97C146FD1CF9000F007C117D /* Assets.xcassets */,
				97C146FF1CF9000F007C117D /* LaunchScreen.storyboard */,
				97C147021CF9000F007C117D /* Info.plist */,
				1498D2321E8E86230040F4C2 /* GeneratedPluginRegistrant.h */,
				1498D2331E8E89220040F4C2 /* GeneratedPluginRegistrant.m */,
				74858FAE1ED2DC5600515810 /* AppDelegate.swift */,
				74858FAD1ED2DC5600515810 /* Runner-Bridging-Header.h */,
			);
			path = Runner;
			sourceTree = "<group>";
		};
/* End PBXGroup section */

/* Begin PBXNativeTarget section */
		331C8080294A63A400263BE5 /* RunnerTests */ = {
			isa = PBXNativeTarget;
			buildConfigurationList = 331C8087294A63A400263BE5 /* Build configuration list for PBXNativeTarget "RunnerTests" */;
			buildPhases = (
				CBB0FCEC027939710E37ADEE /* [CP] Check Pods Manifest.lock */,
				331C807D294A63A400263BE5 /* Sources */,
				331C807F294A63A400263BE5 /* Resources */,
				0C2A2C593720F6BF65FDD793 /* Frameworks */,
			);
			buildRules = (
			);
			dependencies = (
				331C8086294A63A400263BE5 /* PBXTargetDependency */,
			);
			name = RunnerTests;
			productName = RunnerTests;
			productReference = 331C8081294A63A400263BE5 /* RunnerTests.xctest */;
			productType = "com.apple.product-type.bundle.unit-test";
		};
		872480D52C830F38009F32DA /* LgbtPack */ = {
			isa = PBXNativeTarget;
			buildConfigurationList = 872480E92C830F3C009F32DA /* Build configuration list for PBXNativeTarget "LgbtPack" */;
			buildPhases = (
				872480D22C830F38009F32DA /* Sources */,
				872480D32C830F38009F32DA /* Frameworks */,
				872480D42C830F38009F32DA /* Resources */,
			);
			buildRules = (
			);
			dependencies = (
			);
			name = LgbtPack;
			productName = LgbtPack;
			productReference = 872480D62C830F38009F32DA /* LgbtPack.appex */;
			productType = "com.apple.product-type.app-extension.messages";
		};
		872481592C835D10009F32DA /* LgbtPackApp */ = {
			isa = PBXNativeTarget;
			buildConfigurationList = 872481782C835D15009F32DA /* Build configuration list for PBXNativeTarget "LgbtPackApp" */;
			buildPhases = (
				872481582C835D10009F32DA /* Resources */,
				872481732C835D15009F32DA /* Embed Foundation Extensions */,
			);
			buildRules = (
			);
			dependencies = (
				872481652C835D14009F32DA /* PBXTargetDependency */,
			);
			name = LgbtPackApp;
			productName = LgbtPackApp;
			productReference = 8724815A2C835D10009F32DA /* LgbtPackApp.app */;
			productType = "com.apple.product-type.application.messages";
		};
		872481612C835D14009F32DA /* LgbtPackApp MessagesExtension */ = {
			isa = PBXNativeTarget;
			buildConfigurationList = 872481772C835D15009F32DA /* Build configuration list for PBXNativeTarget "LgbtPackApp MessagesExtension" */;
			buildPhases = (
				8724815E2C835D14009F32DA /* Sources */,
				8724815F2C835D14009F32DA /* Frameworks */,
				872481602C835D14009F32DA /* Resources */,
			);
			buildRules = (
			);
			dependencies = (
			);
			name = "LgbtPackApp MessagesExtension";
			productName = "LgbtPackApp MessagesExtension";
			productReference = 872481622C835D14009F32DA /* LgbtPackApp MessagesExtension.appex */;
			productType = "com.apple.product-type.app-extension.messages";
		};
		97C146ED1CF9000F007C117D /* Runner */ = {
			isa = PBXNativeTarget;
			buildConfigurationList = 97C147051CF9000F007C117D /* Build configuration list for PBXNativeTarget "Runner" */;
			buildPhases = (
				568234B9D9CE0739FDEA4FC9 /* [CP] Check Pods Manifest.lock */,
				9740EEB61CF901F6004384FC /* Run Script */,
				97C146EA1CF9000F007C117D /* Sources */,
				872480E52C830F3C009F32DA /* Embed Foundation Extensions */,
				97C146EB1CF9000F007C117D /* Frameworks */,
				97C146EC1CF9000F007C117D /* Resources */,
				9705A1C41CF9048500538489 /* Embed Frameworks */,
				3B06AD1E1E4923F5004D2608 /* Thin Binary */,
				B666E1140E27351A107BFBE5 /* [CP] Embed Pods Frameworks */,
			);
			buildRules = (
			);
			dependencies = (
				872480E32C830F3C009F32DA /* PBXTargetDependency */,
			);
			name = Runner;
			productName = Runner;
			productReference = 97C146EE1CF9000F007C117D /* Runner.app */;
			productType = "com.apple.product-type.application";
		};
/* End PBXNativeTarget section */

/* Begin PBXProject section */
		97C146E61CF9000F007C117D /* Project object */ = {
			isa = PBXProject;
			attributes = {
				BuildIndependentTargetsInParallel = YES;
				LastSwiftUpdateCheck = 1540;
				LastUpgradeCheck = 1510;
				ORGANIZATIONNAME = "";
				TargetAttributes = {
					331C8080294A63A400263BE5 = {
						CreatedOnToolsVersion = 14.0;
						TestTargetID = 97C146ED1CF9000F007C117D;
					};
					872480D52C830F38009F32DA = {
						CreatedOnToolsVersion = 15.4;
					};
					872481592C835D10009F32DA = {
						CreatedOnToolsVersion = 15.4;
					};
					872481612C835D14009F32DA = {
						CreatedOnToolsVersion = 15.4;
					};
					97C146ED1CF9000F007C117D = {
						CreatedOnToolsVersion = 7.3.1;
						LastSwiftMigration = 1100;
					};
				};
			};
			buildConfigurationList = 97C146E91CF9000F007C117D /* Build configuration list for PBXProject "Runner" */;
			compatibilityVersion = "Xcode 9.3";
			developmentRegion = en;
			hasScannedForEncodings = 0;
			knownRegions = (
				en,
				Base,
			);
			mainGroup = 97C146E51CF9000F007C117D;
			productRefGroup = 97C146EF1CF9000F007C117D /* Products */;
			projectDirPath = "";
			projectRoot = "";
			targets = (
				97C146ED1CF9000F007C117D /* Runner */,
				331C8080294A63A400263BE5 /* RunnerTests */,
				872480D52C830F38009F32DA /* LgbtPack */,
				872481592C835D10009F32DA /* LgbtPackApp */,
				872481612C835D14009F32DA /* LgbtPackApp MessagesExtension */,
			);
		};
/* End PBXProject section */

/* Begin PBXResourcesBuildPhase section */
		331C807F294A63A400263BE5 /* Resources */ = {
			isa = PBXResourcesBuildPhase;
			buildActionMask = 2147483647;
			files = (
			);
			runOnlyForDeploymentPostprocessing = 0;
		};
		872480D42C830F38009F32DA /* Resources */ = {
			isa = PBXResourcesBuildPhase;
			buildActionMask = 2147483647;
			files = (
				872481292C835985009F32DA /* 18.png in Resources */,
				872481392C835985009F32DA /* 7.png in Resources */,
				872481562C835985009F32DA /* 6@3x.png in Resources */,
				872481282C835985009F32DA /* 1.png in Resources */,
				872481332C835985009F32DA /* 4@3x.png in Resources */,
				8724814B2C835985009F32DA /* 11@2x.png in Resources */,
				872481342C835985009F32DA /* 7@2x.png in Resources */,
				8724813C2C835985009F32DA /* 12.png in Resources */,
				872481272C835985009F32DA /* 3@2x.png in Resources */,
				872481222C835985009F32DA /* 7@3x.png in Resources */,
				872481412C835985009F32DA /* 8.png in Resources */,
				8724813E2C835985009F32DA /* 2@2x.png in Resources */,
				872481312C835985009F32DA /* 10@3x.png in Resources */,
				872481452C835985009F32DA /* 17.png in Resources */,
				872481322C835985009F32DA /* 17@2x.png in Resources */,
				872481462C835985009F32DA /* 11.png in Resources */,
				872481362C835985009F32DA /* 1@2x.png in Resources */,
				8724813B2C835985009F32DA /* 14.png in Resources */,
				8724813F2C835985009F32DA /* 5.png in Resources */,
				872481262C835985009F32DA /* 14@2x.png in Resources */,
				872481532C835985009F32DA /* 18@2x.png in Resources */,
				872480E02C830F3C009F32DA /* Assets.xcassets in Resources */,
				872481302C835985009F32DA /* 6.png in Resources */,
				872481352C835985009F32DA /* 17@3x.png in Resources */,
				8724814D2C835985009F32DA /* 9@2x.png in Resources */,
				8724814C2C835985009F32DA /* 10@2x.png in Resources */,
				872481402C835985009F32DA /* 8@3x.png in Resources */,
				8724812B2C835985009F32DA /* 5@2x.png in Resources */,
				872481552C835985009F32DA /* 9@3x.png in Resources */,
				8724814F2C835985009F32DA /* 10.png in Resources */,
				872481512C835985009F32DA /* 5@3x.png in Resources */,
				8724813A2C835985009F32DA /* 2.png in Resources */,
				872481422C835985009F32DA /* 2@3x.png in Resources */,
				8724812A2C835985009F32DA /* 1@3x.png in Resources */,
				872481242C835985009F32DA /* 6@2x.png in Resources */,
				8724814A2C835985009F32DA /* 14@3x.png in Resources */,
				872481382C835985009F32DA /* 15@2x.png in Resources */,
				872481542C835985009F32DA /* 9.png in Resources */,
				872481502C835985009F32DA /* 3.png in Resources */,
				872481472C835985009F32DA /* 4.png in Resources */,
				872481442C835985009F32DA /* 15@3x.png in Resources */,
				872481572C835985009F32DA /* 11@3x.png in Resources */,
				8724812F2C835985009F32DA /* 12@2x.png in Resources */,
				872481432C835985009F32DA /* 15.png in Resources */,
				872481492C835985009F32DA /* 16.png in Resources */,
				872481252C835985009F32DA /* 3@3x.png in Resources */,
				872481372C835985009F32DA /* 13@2x.png in Resources */,
				8724812D2C835985009F32DA /* 12@3x.png in Resources */,
				872481482C835985009F32DA /* 13@3x.png in Resources */,
				8724812C2C835985009F32DA /* 18@3x.png in Resources */,
				8724814E2C835985009F32DA /* 16@2x.png in Resources */,
				8724812E2C835985009F32DA /* 4@2x.png in Resources */,
				872481522C835985009F32DA /* 13.png in Resources */,
				8724813D2C835985009F32DA /* 8@2x.png in Resources */,
				872481232C835985009F32DA /* 16@3x.png in Resources */,
				872480DE2C830F38009F32DA /* Base in Resources */,
			);
			runOnlyForDeploymentPostprocessing = 0;
		};
		872481582C835D10009F32DA /* Resources */ = {
			isa = PBXResourcesBuildPhase;
			buildActionMask = 2147483647;
			files = (
				8724815D2C835D13009F32DA /* Assets.xcassets in Resources */,
			);
			runOnlyForDeploymentPostprocessing = 0;
		};
		872481602C835D14009F32DA /* Resources */ = {
			isa = PBXResourcesBuildPhase;
			buildActionMask = 2147483647;
			files = (
				8724816E2C835D15009F32DA /* Assets.xcassets in Resources */,
				8724816C2C835D14009F32DA /* Base in Resources */,
			);
			runOnlyForDeploymentPostprocessing = 0;
		};
		97C146EC1CF9000F007C117D /* Resources */ = {
			isa = PBXResourcesBuildPhase;
			buildActionMask = 2147483647;
			files = (
				97C147011CF9000F007C117D /* LaunchScreen.storyboard in Resources */,
				3B3967161E833CAA004F5970 /* AppFrameworkInfo.plist in Resources */,
				97C146FE1CF9000F007C117D /* Assets.xcassets in Resources */,
				97C146FC1CF9000F007C117D /* Main.storyboard in Resources */,
			);
			runOnlyForDeploymentPostprocessing = 0;
		};
/* End PBXResourcesBuildPhase section */

/* Begin PBXShellScriptBuildPhase section */
		3B06AD1E1E4923F5004D2608 /* Thin Binary */ = {
			isa = PBXShellScriptBuildPhase;
			alwaysOutOfDate = 1;
			buildActionMask = 2147483647;
			files = (
			);
			inputPaths = (
				"${TARGET_BUILD_DIR}/${INFOPLIST_PATH}",
			);
			name = "Thin Binary";
			outputPaths = (
			);
			runOnlyForDeploymentPostprocessing = 0;
			shellPath = /bin/sh;
			shellScript = "/bin/sh \"$FLUTTER_ROOT/packages/flutter_tools/bin/xcode_backend.sh\" embed_and_thin";
		};
		568234B9D9CE0739FDEA4FC9 /* [CP] Check Pods Manifest.lock */ = {
			isa = PBXShellScriptBuildPhase;
			buildActionMask = 2147483647;
			files = (
			);
			inputFileListPaths = (
			);
			inputPaths = (
				"${PODS_PODFILE_DIR_PATH}/Podfile.lock",
				"${PODS_ROOT}/Manifest.lock",
			);
			name = "[CP] Check Pods Manifest.lock";
			outputFileListPaths = (
			);
			outputPaths = (
				"$(DERIVED_FILE_DIR)/Pods-Runner-checkManifestLockResult.txt",
			);
			runOnlyForDeploymentPostprocessing = 0;
			shellPath = /bin/sh;
			shellScript = "diff \"${PODS_PODFILE_DIR_PATH}/Podfile.lock\" \"${PODS_ROOT}/Manifest.lock\" > /dev/null\nif [ $? != 0 ] ; then\n    # print error to STDERR\n    echo \"error: The sandbox is not in sync with the Podfile.lock. Run 'pod install' or update your CocoaPods installation.\" >&2\n    exit 1\nfi\n# This output is used by Xcode 'outputs' to avoid re-running this script phase.\necho \"SUCCESS\" > \"${SCRIPT_OUTPUT_FILE_0}\"\n";
			showEnvVarsInLog = 0;
		};
		9740EEB61CF901F6004384FC /* Run Script */ = {
			isa = PBXShellScriptBuildPhase;
			alwaysOutOfDate = 1;
			buildActionMask = 2147483647;
			files = (
			);
			inputPaths = (
			);
			name = "Run Script";
			outputPaths = (
			);
			runOnlyForDeploymentPostprocessing = 0;
			shellPath = /bin/sh;
			shellScript = "/bin/sh \"$FLUTTER_ROOT/packages/flutter_tools/bin/xcode_backend.sh\" build";
		};
		B666E1140E27351A107BFBE5 /* [CP] Embed Pods Frameworks */ = {
			isa = PBXShellScriptBuildPhase;
			buildActionMask = 2147483647;
			files = (
			);
			inputFileListPaths = (
				"${PODS_ROOT}/Target Support Files/Pods-Runner/Pods-Runner-frameworks-${CONFIGURATION}-input-files.xcfilelist",
			);
			name = "[CP] Embed Pods Frameworks";
			outputFileListPaths = (
				"${PODS_ROOT}/Target Support Files/Pods-Runner/Pods-Runner-frameworks-${CONFIGURATION}-output-files.xcfilelist",
			);
			runOnlyForDeploymentPostprocessing = 0;
			shellPath = /bin/sh;
			shellScript = "\"${PODS_ROOT}/Target Support Files/Pods-Runner/Pods-Runner-frameworks.sh\"\n";
			showEnvVarsInLog = 0;
		};
		CBB0FCEC027939710E37ADEE /* [CP] Check Pods Manifest.lock */ = {
			isa = PBXShellScriptBuildPhase;
			buildActionMask = 2147483647;
			files = (
			);
			inputFileListPaths = (
			);
			inputPaths = (
				"${PODS_PODFILE_DIR_PATH}/Podfile.lock",
				"${PODS_ROOT}/Manifest.lock",
			);
			name = "[CP] Check Pods Manifest.lock";
			outputFileListPaths = (
			);
			outputPaths = (
				"$(DERIVED_FILE_DIR)/Pods-RunnerTests-checkManifestLockResult.txt",
			);
			runOnlyForDeploymentPostprocessing = 0;
			shellPath = /bin/sh;
			shellScript = "diff \"${PODS_PODFILE_DIR_PATH}/Podfile.lock\" \"${PODS_ROOT}/Manifest.lock\" > /dev/null\nif [ $? != 0 ] ; then\n    # print error to STDERR\n    echo \"error: The sandbox is not in sync with the Podfile.lock. Run 'pod install' or update your CocoaPods installation.\" >&2\n    exit 1\nfi\n# This output is used by Xcode 'outputs' to avoid re-running this script phase.\necho \"SUCCESS\" > \"${SCRIPT_OUTPUT_FILE_0}\"\n";
			showEnvVarsInLog = 0;
		};
/* End PBXShellScriptBuildPhase section */

/* Begin PBXSourcesBuildPhase section */
		331C807D294A63A400263BE5 /* Sources */ = {
			isa = PBXSourcesBuildPhase;
			buildActionMask = 2147483647;
			files = (
				331C808B294A63AB00263BE5 /* RunnerTests.swift in Sources */,
			);
			runOnlyForDeploymentPostprocessing = 0;
		};
		872480D22C830F38009F32DA /* Sources */ = {
			isa = PBXSourcesBuildPhase;
			buildActionMask = 2147483647;
			files = (
				872480EB2C830F83009F32DA /* LgbtPackVC.swift in Sources */,
				872480DB2C830F38009F32DA /* MessagesViewController.swift in Sources */,
			);
			runOnlyForDeploymentPostprocessing = 0;
		};
		8724815E2C835D14009F32DA /* Sources */ = {
			isa = PBXSourcesBuildPhase;
			buildActionMask = 2147483647;
			files = (
				872481692C835D14009F32DA /* MessagesViewController.swift in Sources */,
			);
			runOnlyForDeploymentPostprocessing = 0;
		};
		97C146EA1CF9000F007C117D /* Sources */ = {
			isa = PBXSourcesBuildPhase;
			buildActionMask = 2147483647;
			files = (
				74858FAF1ED2DC5600515810 /* AppDelegate.swift in Sources */,
				1498D2341E8E89220040F4C2 /* GeneratedPluginRegistrant.m in Sources */,
			);
			runOnlyForDeploymentPostprocessing = 0;
		};
/* End PBXSourcesBuildPhase section */

/* Begin PBXTargetDependency section */
		331C8086294A63A400263BE5 /* PBXTargetDependency */ = {
			isa = PBXTargetDependency;
			target = 97C146ED1CF9000F007C117D /* Runner */;
			targetProxy = 331C8085294A63A400263BE5 /* PBXContainerItemProxy */;
		};
		872480E32C830F3C009F32DA /* PBXTargetDependency */ = {
			isa = PBXTargetDependency;
			target = 872480D52C830F38009F32DA /* LgbtPack */;
			targetProxy = 872480E22C830F3C009F32DA /* PBXContainerItemProxy */;
		};
		872481652C835D14009F32DA /* PBXTargetDependency */ = {
			isa = PBXTargetDependency;
			target = 872481612C835D14009F32DA /* LgbtPackApp MessagesExtension */;
			targetProxy = 872481642C835D14009F32DA /* PBXContainerItemProxy */;
		};
/* End PBXTargetDependency section */

/* Begin PBXVariantGroup section */
		872480DC2C830F38009F32DA /* MainInterface.storyboard */ = {
			isa = PBXVariantGroup;
			children = (
				872480DD2C830F38009F32DA /* Base */,
			);
			name = MainInterface.storyboard;
			sourceTree = "<group>";
		};
		8724816A2C835D14009F32DA /* MainInterface.storyboard */ = {
			isa = PBXVariantGroup;
			children = (
				8724816B2C835D14009F32DA /* Base */,
			);
			name = MainInterface.storyboard;
			sourceTree = "<group>";
		};
		97C146FA1CF9000F007C117D /* Main.storyboard */ = {
			isa = PBXVariantGroup;
			children = (
				97C146FB1CF9000F007C117D /* Base */,
			);
			name = Main.storyboard;
			sourceTree = "<group>";
		};
		97C146FF1CF9000F007C117D /* LaunchScreen.storyboard */ = {
			isa = PBXVariantGroup;
			children = (
				97C147001CF9000F007C117D /* Base */,
			);
			name = LaunchScreen.storyboard;
			sourceTree = "<group>";
		};
/* End PBXVariantGroup section */

/* Begin XCBuildConfiguration section */
		249021D3217E4FDB00AE95B9 /* Profile */ = {
			isa = XCBuildConfiguration;
			buildSettings = {
				ALWAYS_SEARCH_USER_PATHS = NO;
				ASSETCATALOG_COMPILER_GENERATE_SWIFT_ASSET_SYMBOL_EXTENSIONS = YES;
				CLANG_ANALYZER_NONNULL = YES;
				CLANG_CXX_LANGUAGE_STANDARD = "gnu++0x";
				CLANG_CXX_LIBRARY = "libc++";
				CLANG_ENABLE_MODULES = YES;
				CLANG_ENABLE_OBJC_ARC = YES;
				CLANG_WARN_BLOCK_CAPTURE_AUTORELEASING = YES;
				CLANG_WARN_BOOL_CONVERSION = YES;
				CLANG_WARN_COMMA = YES;
				CLANG_WARN_CONSTANT_CONVERSION = YES;
				CLANG_WARN_DEPRECATED_OBJC_IMPLEMENTATIONS = YES;
				CLANG_WARN_DIRECT_OBJC_ISA_USAGE = YES_ERROR;
				CLANG_WARN_EMPTY_BODY = YES;
				CLANG_WARN_ENUM_CONVERSION = YES;
				CLANG_WARN_INFINITE_RECURSION = YES;
				CLANG_WARN_INT_CONVERSION = YES;
				CLANG_WARN_NON_LITERAL_NULL_CONVERSION = YES;
				CLANG_WARN_OBJC_IMPLICIT_RETAIN_SELF = YES;
				CLANG_WARN_OBJC_LITERAL_CONVERSION = YES;
				CLANG_WARN_OBJC_ROOT_CLASS = YES_ERROR;
				CLANG_WARN_QUOTED_INCLUDE_IN_FRAMEWORK_HEADER = YES;
				CLANG_WARN_RANGE_LOOP_ANALYSIS = YES;
				CLANG_WARN_STRICT_PROTOTYPES = YES;
				CLANG_WARN_SUSPICIOUS_MOVE = YES;
				CLANG_WARN_UNREACHABLE_CODE = YES;
				CLANG_WARN__DUPLICATE_METHOD_MATCH = YES;
				"CODE_SIGN_IDENTITY[sdk=iphoneos*]" = "iPhone Developer";
				COPY_PHASE_STRIP = NO;
				DEBUG_INFORMATION_FORMAT = "dwarf-with-dsym";
				ENABLE_NS_ASSERTIONS = NO;
				ENABLE_STRICT_OBJC_MSGSEND = YES;
				ENABLE_USER_SCRIPT_SANDBOXING = NO;
				GCC_C_LANGUAGE_STANDARD = gnu99;
				GCC_NO_COMMON_BLOCKS = YES;
				GCC_WARN_64_TO_32_BIT_CONVERSION = YES;
				GCC_WARN_ABOUT_RETURN_TYPE = YES_ERROR;
				GCC_WARN_UNDECLARED_SELECTOR = YES;
				GCC_WARN_UNINITIALIZED_AUTOS = YES_AGGRESSIVE;
				GCC_WARN_UNUSED_FUNCTION = YES;
				GCC_WARN_UNUSED_VARIABLE = YES;
				IPHONEOS_DEPLOYMENT_TARGET = 12.0;
				MTL_ENABLE_DEBUG_INFO = NO;
				SDKROOT = iphoneos;
				SUPPORTED_PLATFORMS = iphoneos;
				TARGETED_DEVICE_FAMILY = "1,2";
				VALIDATE_PRODUCT = YES;
			};
			name = Profile;
		};
		249021D4217E4FDB00AE95B9 /* Profile */ = {
			isa = XCBuildConfiguration;
			baseConfigurationReference = 7AFA3C8E1D35360C0083082E /* Release.xcconfig */;
			buildSettings = {
				ALWAYS_EMBED_SWIFT_STANDARD_LIBRARIES = YES;
				ASSETCATALOG_COMPILER_APPICON_NAME = AppIcon;
				CLANG_ENABLE_MODULES = YES;
				CODE_SIGN_ENTITLEMENTS = Runner/Runner.entitlements;
				CURRENT_PROJECT_VERSION = "$(FLUTTER_BUILD_NUMBER)";
				DEVELOPMENT_TEAM = R345A3T8KH;
				ENABLE_BITCODE = NO;
				INFOPLIST_FILE = Runner/Info.plist;
				LD_RUNPATH_SEARCH_PATHS = (
					"$(inherited)",
					"@executable_path/Frameworks",
				);
				PRODUCT_BUNDLE_IDENTIFIER = com.example.lgbtStickerPacks;
				PRODUCT_NAME = "$(TARGET_NAME)";
				SWIFT_OBJC_BRIDGING_HEADER = "Runner/Runner-Bridging-Header.h";
				SWIFT_VERSION = 5.0;
				VERSIONING_SYSTEM = "apple-generic";
			};
			name = Profile;
		};
		331C8088294A63A400263BE5 /* Debug */ = {
			isa = XCBuildConfiguration;
			baseConfigurationReference = 9220717D49F7F3C293BFFBA7 /* Pods-RunnerTests.debug.xcconfig */;
			buildSettings = {
				BUNDLE_LOADER = "$(TEST_HOST)";
				CODE_SIGN_STYLE = Automatic;
				CURRENT_PROJECT_VERSION = 1;
				GENERATE_INFOPLIST_FILE = YES;
				MARKETING_VERSION = 1.0;
				PRODUCT_BUNDLE_IDENTIFIER = com.example.lgbtStickerPack.RunnerTests;
				PRODUCT_NAME = "$(TARGET_NAME)";
				SWIFT_ACTIVE_COMPILATION_CONDITIONS = DEBUG;
				SWIFT_OPTIMIZATION_LEVEL = "-Onone";
				SWIFT_VERSION = 5.0;
				TEST_HOST = "$(BUILT_PRODUCTS_DIR)/Runner.app/$(BUNDLE_EXECUTABLE_FOLDER_PATH)/Runner";
			};
			name = Debug;
		};
		331C8089294A63A400263BE5 /* Release */ = {
			isa = XCBuildConfiguration;
			baseConfigurationReference = 4BD70452D81C4B39A629BE9D /* Pods-RunnerTests.release.xcconfig */;
			buildSettings = {
				BUNDLE_LOADER = "$(TEST_HOST)";
				CODE_SIGN_STYLE = Automatic;
				CURRENT_PROJECT_VERSION = 1;
				GENERATE_INFOPLIST_FILE = YES;
				MARKETING_VERSION = 1.0;
				PRODUCT_BUNDLE_IDENTIFIER = com.example.lgbtStickerPack.RunnerTests;
				PRODUCT_NAME = "$(TARGET_NAME)";
				SWIFT_VERSION = 5.0;
				TEST_HOST = "$(BUILT_PRODUCTS_DIR)/Runner.app/$(BUNDLE_EXECUTABLE_FOLDER_PATH)/Runner";
			};
			name = Release;
		};
		331C808A294A63A400263BE5 /* Profile */ = {
			isa = XCBuildConfiguration;
			baseConfigurationReference = 19D207E07CE2C7E64B820BD4 /* Pods-RunnerTests.profile.xcconfig */;
			buildSettings = {
				BUNDLE_LOADER = "$(TEST_HOST)";
				CODE_SIGN_STYLE = Automatic;
				CURRENT_PROJECT_VERSION = 1;
				GENERATE_INFOPLIST_FILE = YES;
				MARKETING_VERSION = 1.0;
				PRODUCT_BUNDLE_IDENTIFIER = com.example.lgbtStickerPack.RunnerTests;
				PRODUCT_NAME = "$(TARGET_NAME)";
				SWIFT_VERSION = 5.0;
				TEST_HOST = "$(BUILT_PRODUCTS_DIR)/Runner.app/$(BUNDLE_EXECUTABLE_FOLDER_PATH)/Runner";
			};
			name = Profile;
		};
		872480E62C830F3C009F32DA /* Debug */ = {
			isa = XCBuildConfiguration;
			buildSettings = {
				ASSETCATALOG_COMPILER_APPICON_NAME = "iMessage App Icon";
				CLANG_ANALYZER_NUMBER_OBJECT_CONVERSION = YES_AGGRESSIVE;
				CLANG_CXX_LANGUAGE_STANDARD = "gnu++20";
				CLANG_ENABLE_OBJC_WEAK = YES;
				CLANG_WARN_DOCUMENTATION_COMMENTS = YES;
				CLANG_WARN_QUOTED_INCLUDE_IN_FRAMEWORK_HEADER = YES;
				CLANG_WARN_UNGUARDED_AVAILABILITY = YES_AGGRESSIVE;
				CODE_SIGN_ENTITLEMENTS = LgbtPack/LgbtPack.entitlements;
				CODE_SIGN_STYLE = Automatic;
				CURRENT_PROJECT_VERSION = 1;
				DEVELOPMENT_TEAM = R345A3T8KH;
				ENABLE_USER_SCRIPT_SANDBOXING = YES;
				GCC_C_LANGUAGE_STANDARD = gnu17;
				GENERATE_INFOPLIST_FILE = YES;
				INFOPLIST_FILE = LgbtPack/Info.plist;
				INFOPLIST_KEY_CFBundleDisplayName = LgbtPack;
				INFOPLIST_KEY_LSSupportsOpeningDocumentsInPlace = YES;
				INFOPLIST_KEY_NSHumanReadableCopyright = "";
				IPHONEOS_DEPLOYMENT_TARGET = 12.0;
				LD_RUNPATH_SEARCH_PATHS = (
					"$(inherited)",
					"@executable_path/Frameworks",
					"@executable_path/../../Frameworks",
				);
				LOCALIZATION_PREFERS_STRING_CATALOGS = YES;
				MARKETING_VERSION = 1.0;
				MTL_ENABLE_DEBUG_INFO = INCLUDE_SOURCE;
				MTL_FAST_MATH = YES;
				PRODUCT_BUNDLE_IDENTIFIER = com.example.lgbtStickerPacks.LgbtPack;
				PRODUCT_NAME = "$(TARGET_NAME)";
				SKIP_INSTALL = YES;
				SWIFT_ACTIVE_COMPILATION_CONDITIONS = "DEBUG $(inherited)";
				SWIFT_EMIT_LOC_STRINGS = YES;
				SWIFT_OPTIMIZATION_LEVEL = "-Onone";
				SWIFT_VERSION = 5.0;
				TARGETED_DEVICE_FAMILY = "1,2";
			};
			name = Debug;
		};
		872480E72C830F3C009F32DA /* Release */ = {
			isa = XCBuildConfiguration;
			buildSettings = {
				ASSETCATALOG_COMPILER_APPICON_NAME = "iMessage App Icon";
				CLANG_ANALYZER_NUMBER_OBJECT_CONVERSION = YES_AGGRESSIVE;
				CLANG_CXX_LANGUAGE_STANDARD = "gnu++20";
				CLANG_ENABLE_OBJC_WEAK = YES;
				CLANG_WARN_DOCUMENTATION_COMMENTS = YES;
				CLANG_WARN_QUOTED_INCLUDE_IN_FRAMEWORK_HEADER = YES;
				CLANG_WARN_UNGUARDED_AVAILABILITY = YES_AGGRESSIVE;
				CODE_SIGN_ENTITLEMENTS = LgbtPack/LgbtPack.entitlements;
				CODE_SIGN_STYLE = Automatic;
				CURRENT_PROJECT_VERSION = 1;
				DEVELOPMENT_TEAM = R345A3T8KH;
				ENABLE_USER_SCRIPT_SANDBOXING = YES;
				GCC_C_LANGUAGE_STANDARD = gnu17;
				GENERATE_INFOPLIST_FILE = YES;
				INFOPLIST_FILE = LgbtPack/Info.plist;
				INFOPLIST_KEY_CFBundleDisplayName = LgbtPack;
				INFOPLIST_KEY_LSSupportsOpeningDocumentsInPlace = YES;
				INFOPLIST_KEY_NSHumanReadableCopyright = "";
				IPHONEOS_DEPLOYMENT_TARGET = 12.0;
				LD_RUNPATH_SEARCH_PATHS = (
					"$(inherited)",
					"@executable_path/Frameworks",
					"@executable_path/../../Frameworks",
				);
				LOCALIZATION_PREFERS_STRING_CATALOGS = YES;
				MARKETING_VERSION = 1.0;
				MTL_FAST_MATH = YES;
				PRODUCT_BUNDLE_IDENTIFIER = com.example.lgbtStickerPacks.LgbtPack;
				PRODUCT_NAME = "$(TARGET_NAME)";
				SKIP_INSTALL = YES;
				SWIFT_EMIT_LOC_STRINGS = YES;
				SWIFT_VERSION = 5.0;
				TARGETED_DEVICE_FAMILY = "1,2";
			};
			name = Release;
		};
		872480E82C830F3C009F32DA /* Profile */ = {
			isa = XCBuildConfiguration;
			buildSettings = {
				ASSETCATALOG_COMPILER_APPICON_NAME = "iMessage App Icon";
				CLANG_ANALYZER_NUMBER_OBJECT_CONVERSION = YES_AGGRESSIVE;
				CLANG_CXX_LANGUAGE_STANDARD = "gnu++20";
				CLANG_ENABLE_OBJC_WEAK = YES;
				CLANG_WARN_DOCUMENTATION_COMMENTS = YES;
				CLANG_WARN_QUOTED_INCLUDE_IN_FRAMEWORK_HEADER = YES;
				CLANG_WARN_UNGUARDED_AVAILABILITY = YES_AGGRESSIVE;
				CODE_SIGN_ENTITLEMENTS = LgbtPack/LgbtPack.entitlements;
				CODE_SIGN_STYLE = Automatic;
				CURRENT_PROJECT_VERSION = 1;
				DEVELOPMENT_TEAM = R345A3T8KH;
				ENABLE_USER_SCRIPT_SANDBOXING = YES;
				GCC_C_LANGUAGE_STANDARD = gnu17;
				GENERATE_INFOPLIST_FILE = YES;
				INFOPLIST_FILE = LgbtPack/Info.plist;
				INFOPLIST_KEY_CFBundleDisplayName = LgbtPack;
				INFOPLIST_KEY_LSSupportsOpeningDocumentsInPlace = YES;
				INFOPLIST_KEY_NSHumanReadableCopyright = "";
				IPHONEOS_DEPLOYMENT_TARGET = 12.0;
				LD_RUNPATH_SEARCH_PATHS = (
					"$(inherited)",
					"@executable_path/Frameworks",
					"@executable_path/../../Frameworks",
				);
				LOCALIZATION_PREFERS_STRING_CATALOGS = YES;
				MARKETING_VERSION = 1.0;
				MTL_FAST_MATH = YES;
				PRODUCT_BUNDLE_IDENTIFIER = com.example.lgbtStickerPacks.LgbtPack;
				PRODUCT_NAME = "$(TARGET_NAME)";
				SKIP_INSTALL = YES;
				SWIFT_EMIT_LOC_STRINGS = YES;
				SWIFT_VERSION = 5.0;
				TARGETED_DEVICE_FAMILY = "1,2";
			};
			name = Profile;
		};
		872481702C835D15009F32DA /* Debug */ = {
			isa = XCBuildConfiguration;
			buildSettings = {
				ALWAYS_EMBED_SWIFT_STANDARD_LIBRARIES = YES;
				ASSETCATALOG_COMPILER_APPICON_NAME = AppIcon;
				CLANG_ANALYZER_NUMBER_OBJECT_CONVERSION = YES_AGGRESSIVE;
				CLANG_CXX_LANGUAGE_STANDARD = "gnu++20";
				CLANG_ENABLE_OBJC_WEAK = YES;
				CLANG_WARN_DOCUMENTATION_COMMENTS = YES;
				CLANG_WARN_QUOTED_INCLUDE_IN_FRAMEWORK_HEADER = YES;
				CLANG_WARN_UNGUARDED_AVAILABILITY = YES_AGGRESSIVE;
				CODE_SIGN_STYLE = Automatic;
				CURRENT_PROJECT_VERSION = 1;
				DEVELOPMENT_TEAM = NSG76MFC77;
				ENABLE_USER_SCRIPT_SANDBOXING = YES;
				GCC_C_LANGUAGE_STANDARD = gnu17;
				GENERATE_INFOPLIST_FILE = YES;
				INFOPLIST_KEY_UILaunchStoryboardName = LaunchScreen;
				INFOPLIST_KEY_UISupportedInterfaceOrientations_iPad = "UIInterfaceOrientationPortrait UIInterfaceOrientationPortraitUpsideDown UIInterfaceOrientationLandscapeLeft UIInterfaceOrientationLandscapeRight";
				INFOPLIST_KEY_UISupportedInterfaceOrientations_iPhone = "UIInterfaceOrientationPortrait UIInterfaceOrientationLandscapeLeft UIInterfaceOrientationLandscapeRight";
				IPHONEOS_DEPLOYMENT_TARGET = 17.5;
				LOCALIZATION_PREFERS_STRING_CATALOGS = YES;
				MARKETING_VERSION = 1.0;
				MTL_ENABLE_DEBUG_INFO = INCLUDE_SOURCE;
				MTL_FAST_MATH = YES;
				PRODUCT_BUNDLE_IDENTIFIER = com.example.lgbtStickerPack.LgbtPackApp;
				PRODUCT_NAME = "$(TARGET_NAME)";
				SWIFT_ACTIVE_COMPILATION_CONDITIONS = "DEBUG $(inherited)";
				SWIFT_EMIT_LOC_STRINGS = YES;
				SWIFT_OPTIMIZATION_LEVEL = "-Onone";
				SWIFT_VERSION = 5.0;
				TARGETED_DEVICE_FAMILY = "1,2";
			};
			name = Debug;
		};
		872481712C835D15009F32DA /* Release */ = {
			isa = XCBuildConfiguration;
			buildSettings = {
				ALWAYS_EMBED_SWIFT_STANDARD_LIBRARIES = YES;
				ASSETCATALOG_COMPILER_APPICON_NAME = AppIcon;
				CLANG_ANALYZER_NUMBER_OBJECT_CONVERSION = YES_AGGRESSIVE;
				CLANG_CXX_LANGUAGE_STANDARD = "gnu++20";
				CLANG_ENABLE_OBJC_WEAK = YES;
				CLANG_WARN_DOCUMENTATION_COMMENTS = YES;
				CLANG_WARN_QUOTED_INCLUDE_IN_FRAMEWORK_HEADER = YES;
				CLANG_WARN_UNGUARDED_AVAILABILITY = YES_AGGRESSIVE;
				CODE_SIGN_STYLE = Automatic;
				CURRENT_PROJECT_VERSION = 1;
				DEVELOPMENT_TEAM = NSG76MFC77;
				ENABLE_USER_SCRIPT_SANDBOXING = YES;
				GCC_C_LANGUAGE_STANDARD = gnu17;
				GENERATE_INFOPLIST_FILE = YES;
				INFOPLIST_KEY_UILaunchStoryboardName = LaunchScreen;
				INFOPLIST_KEY_UISupportedInterfaceOrientations_iPad = "UIInterfaceOrientationPortrait UIInterfaceOrientationPortraitUpsideDown UIInterfaceOrientationLandscapeLeft UIInterfaceOrientationLandscapeRight";
				INFOPLIST_KEY_UISupportedInterfaceOrientations_iPhone = "UIInterfaceOrientationPortrait UIInterfaceOrientationLandscapeLeft UIInterfaceOrientationLandscapeRight";
				IPHONEOS_DEPLOYMENT_TARGET = 17.5;
				LOCALIZATION_PREFERS_STRING_CATALOGS = YES;
				MARKETING_VERSION = 1.0;
				MTL_FAST_MATH = YES;
				PRODUCT_BUNDLE_IDENTIFIER = com.example.lgbtStickerPack.LgbtPackApp;
				PRODUCT_NAME = "$(TARGET_NAME)";
				SWIFT_EMIT_LOC_STRINGS = YES;
				SWIFT_VERSION = 5.0;
				TARGETED_DEVICE_FAMILY = "1,2";
			};
			name = Release;
		};
		872481722C835D15009F32DA /* Profile */ = {
			isa = XCBuildConfiguration;
			buildSettings = {
				ALWAYS_EMBED_SWIFT_STANDARD_LIBRARIES = YES;
				ASSETCATALOG_COMPILER_APPICON_NAME = AppIcon;
				CLANG_ANALYZER_NUMBER_OBJECT_CONVERSION = YES_AGGRESSIVE;
				CLANG_CXX_LANGUAGE_STANDARD = "gnu++20";
				CLANG_ENABLE_OBJC_WEAK = YES;
				CLANG_WARN_DOCUMENTATION_COMMENTS = YES;
				CLANG_WARN_QUOTED_INCLUDE_IN_FRAMEWORK_HEADER = YES;
				CLANG_WARN_UNGUARDED_AVAILABILITY = YES_AGGRESSIVE;
				CODE_SIGN_STYLE = Automatic;
				CURRENT_PROJECT_VERSION = 1;
				DEVELOPMENT_TEAM = NSG76MFC77;
				ENABLE_USER_SCRIPT_SANDBOXING = YES;
				GCC_C_LANGUAGE_STANDARD = gnu17;
				GENERATE_INFOPLIST_FILE = YES;
				INFOPLIST_KEY_UILaunchStoryboardName = LaunchScreen;
				INFOPLIST_KEY_UISupportedInterfaceOrientations_iPad = "UIInterfaceOrientationPortrait UIInterfaceOrientationPortraitUpsideDown UIInterfaceOrientationLandscapeLeft UIInterfaceOrientationLandscapeRight";
				INFOPLIST_KEY_UISupportedInterfaceOrientations_iPhone = "UIInterfaceOrientationPortrait UIInterfaceOrientationLandscapeLeft UIInterfaceOrientationLandscapeRight";
				IPHONEOS_DEPLOYMENT_TARGET = 17.5;
				LOCALIZATION_PREFERS_STRING_CATALOGS = YES;
				MARKETING_VERSION = 1.0;
				MTL_FAST_MATH = YES;
				PRODUCT_BUNDLE_IDENTIFIER = com.example.lgbtStickerPack.LgbtPackApp;
				PRODUCT_NAME = "$(TARGET_NAME)";
				SWIFT_EMIT_LOC_STRINGS = YES;
				SWIFT_VERSION = 5.0;
				TARGETED_DEVICE_FAMILY = "1,2";
			};
			name = Profile;
		};
		872481742C835D15009F32DA /* Debug */ = {
			isa = XCBuildConfiguration;
			buildSettings = {
				ASSETCATALOG_COMPILER_APPICON_NAME = "iMessage App Icon";
				CLANG_ANALYZER_NUMBER_OBJECT_CONVERSION = YES_AGGRESSIVE;
				CLANG_CXX_LANGUAGE_STANDARD = "gnu++20";
				CLANG_ENABLE_OBJC_WEAK = YES;
				CLANG_WARN_DOCUMENTATION_COMMENTS = YES;
				CLANG_WARN_QUOTED_INCLUDE_IN_FRAMEWORK_HEADER = YES;
				CLANG_WARN_UNGUARDED_AVAILABILITY = YES_AGGRESSIVE;
				CODE_SIGN_STYLE = Automatic;
				CURRENT_PROJECT_VERSION = 1;
				DEVELOPMENT_TEAM = NSG76MFC77;
				ENABLE_USER_SCRIPT_SANDBOXING = YES;
				GCC_C_LANGUAGE_STANDARD = gnu17;
				GENERATE_INFOPLIST_FILE = YES;
				INFOPLIST_FILE = "LgbtPackApp MessagesExtension/Info.plist";
				INFOPLIST_KEY_CFBundleDisplayName = LgbtPackApp;
				INFOPLIST_KEY_NSHumanReadableCopyright = "";
				IPHONEOS_DEPLOYMENT_TARGET = 17.5;
				LD_RUNPATH_SEARCH_PATHS = (
					"$(inherited)",
					"@executable_path/Frameworks",
					"@executable_path/../../Frameworks",
				);
				LOCALIZATION_PREFERS_STRING_CATALOGS = YES;
				MARKETING_VERSION = 1.0;
				MTL_ENABLE_DEBUG_INFO = INCLUDE_SOURCE;
				MTL_FAST_MATH = YES;
				PRODUCT_BUNDLE_IDENTIFIER = com.example.lgbtStickerPack.LgbtPackApp.MessagesExtension;
				PRODUCT_NAME = "$(TARGET_NAME)";
				SKIP_INSTALL = YES;
				SWIFT_ACTIVE_COMPILATION_CONDITIONS = "DEBUG $(inherited)";
				SWIFT_EMIT_LOC_STRINGS = YES;
				SWIFT_OPTIMIZATION_LEVEL = "-Onone";
				SWIFT_VERSION = 5.0;
				TARGETED_DEVICE_FAMILY = "1,2";
			};
			name = Debug;
		};
		872481752C835D15009F32DA /* Release */ = {
			isa = XCBuildConfiguration;
			buildSettings = {
				ASSETCATALOG_COMPILER_APPICON_NAME = "iMessage App Icon";
				CLANG_ANALYZER_NUMBER_OBJECT_CONVERSION = YES_AGGRESSIVE;
				CLANG_CXX_LANGUAGE_STANDARD = "gnu++20";
				CLANG_ENABLE_OBJC_WEAK = YES;
				CLANG_WARN_DOCUMENTATION_COMMENTS = YES;
				CLANG_WARN_QUOTED_INCLUDE_IN_FRAMEWORK_HEADER = YES;
				CLANG_WARN_UNGUARDED_AVAILABILITY = YES_AGGRESSIVE;
				CODE_SIGN_STYLE = Automatic;
				CURRENT_PROJECT_VERSION = 1;
				DEVELOPMENT_TEAM = NSG76MFC77;
				ENABLE_USER_SCRIPT_SANDBOXING = YES;
				GCC_C_LANGUAGE_STANDARD = gnu17;
				GENERATE_INFOPLIST_FILE = YES;
				INFOPLIST_FILE = "LgbtPackApp MessagesExtension/Info.plist";
				INFOPLIST_KEY_CFBundleDisplayName = LgbtPackApp;
				INFOPLIST_KEY_NSHumanReadableCopyright = "";
				IPHONEOS_DEPLOYMENT_TARGET = 17.5;
				LD_RUNPATH_SEARCH_PATHS = (
					"$(inherited)",
					"@executable_path/Frameworks",
					"@executable_path/../../Frameworks",
				);
				LOCALIZATION_PREFERS_STRING_CATALOGS = YES;
				MARKETING_VERSION = 1.0;
				MTL_FAST_MATH = YES;
				PRODUCT_BUNDLE_IDENTIFIER = com.example.lgbtStickerPack.LgbtPackApp.MessagesExtension;
				PRODUCT_NAME = "$(TARGET_NAME)";
				SKIP_INSTALL = YES;
				SWIFT_EMIT_LOC_STRINGS = YES;
				SWIFT_VERSION = 5.0;
				TARGETED_DEVICE_FAMILY = "1,2";
			};
			name = Release;
		};
		872481762C835D15009F32DA /* Profile */ = {
			isa = XCBuildConfiguration;
			buildSettings = {
				ASSETCATALOG_COMPILER_APPICON_NAME = "iMessage App Icon";
				CLANG_ANALYZER_NUMBER_OBJECT_CONVERSION = YES_AGGRESSIVE;
				CLANG_CXX_LANGUAGE_STANDARD = "gnu++20";
				CLANG_ENABLE_OBJC_WEAK = YES;
				CLANG_WARN_DOCUMENTATION_COMMENTS = YES;
				CLANG_WARN_QUOTED_INCLUDE_IN_FRAMEWORK_HEADER = YES;
				CLANG_WARN_UNGUARDED_AVAILABILITY = YES_AGGRESSIVE;
				CODE_SIGN_STYLE = Automatic;
				CURRENT_PROJECT_VERSION = 1;
				DEVELOPMENT_TEAM = NSG76MFC77;
				ENABLE_USER_SCRIPT_SANDBOXING = YES;
				GCC_C_LANGUAGE_STANDARD = gnu17;
				GENERATE_INFOPLIST_FILE = YES;
				INFOPLIST_FILE = "LgbtPackApp MessagesExtension/Info.plist";
				INFOPLIST_KEY_CFBundleDisplayName = LgbtPackApp;
				INFOPLIST_KEY_NSHumanReadableCopyright = "";
				IPHONEOS_DEPLOYMENT_TARGET = 17.5;
				LD_RUNPATH_SEARCH_PATHS = (
					"$(inherited)",
					"@executable_path/Frameworks",
					"@executable_path/../../Frameworks",
				);
				LOCALIZATION_PREFERS_STRING_CATALOGS = YES;
				MARKETING_VERSION = 1.0;
				MTL_FAST_MATH = YES;
				PRODUCT_BUNDLE_IDENTIFIER = com.example.lgbtStickerPack.LgbtPackApp.MessagesExtension;
				PRODUCT_NAME = "$(TARGET_NAME)";
				SKIP_INSTALL = YES;
				SWIFT_EMIT_LOC_STRINGS = YES;
				SWIFT_VERSION = 5.0;
				TARGETED_DEVICE_FAMILY = "1,2";
			};
			name = Profile;
		};
		97C147031CF9000F007C117D /* Debug */ = {
			isa = XCBuildConfiguration;
			buildSettings = {
				ALWAYS_SEARCH_USER_PATHS = NO;
				ASSETCATALOG_COMPILER_GENERATE_SWIFT_ASSET_SYMBOL_EXTENSIONS = YES;
				CLANG_ANALYZER_NONNULL = YES;
				CLANG_CXX_LANGUAGE_STANDARD = "gnu++0x";
				CLANG_CXX_LIBRARY = "libc++";
				CLANG_ENABLE_MODULES = YES;
				CLANG_ENABLE_OBJC_ARC = YES;
				CLANG_WARN_BLOCK_CAPTURE_AUTORELEASING = YES;
				CLANG_WARN_BOOL_CONVERSION = YES;
				CLANG_WARN_COMMA = YES;
				CLANG_WARN_CONSTANT_CONVERSION = YES;
				CLANG_WARN_DEPRECATED_OBJC_IMPLEMENTATIONS = YES;
				CLANG_WARN_DIRECT_OBJC_ISA_USAGE = YES_ERROR;
				CLANG_WARN_EMPTY_BODY = YES;
				CLANG_WARN_ENUM_CONVERSION = YES;
				CLANG_WARN_INFINITE_RECURSION = YES;
				CLANG_WARN_INT_CONVERSION = YES;
				CLANG_WARN_NON_LITERAL_NULL_CONVERSION = YES;
				CLANG_WARN_OBJC_IMPLICIT_RETAIN_SELF = YES;
				CLANG_WARN_OBJC_LITERAL_CONVERSION = YES;
				CLANG_WARN_OBJC_ROOT_CLASS = YES_ERROR;
				CLANG_WARN_QUOTED_INCLUDE_IN_FRAMEWORK_HEADER = YES;
				CLANG_WARN_RANGE_LOOP_ANALYSIS = YES;
				CLANG_WARN_STRICT_PROTOTYPES = YES;
				CLANG_WARN_SUSPICIOUS_MOVE = YES;
				CLANG_WARN_UNREACHABLE_CODE = YES;
				CLANG_WARN__DUPLICATE_METHOD_MATCH = YES;
				"CODE_SIGN_IDENTITY[sdk=iphoneos*]" = "iPhone Developer";
				COPY_PHASE_STRIP = NO;
				DEBUG_INFORMATION_FORMAT = dwarf;
				ENABLE_STRICT_OBJC_MSGSEND = YES;
				ENABLE_TESTABILITY = YES;
				ENABLE_USER_SCRIPT_SANDBOXING = NO;
				GCC_C_LANGUAGE_STANDARD = gnu99;
				GCC_DYNAMIC_NO_PIC = NO;
				GCC_NO_COMMON_BLOCKS = YES;
				GCC_OPTIMIZATION_LEVEL = 0;
				GCC_PREPROCESSOR_DEFINITIONS = (
					"DEBUG=1",
					"$(inherited)",
				);
				GCC_WARN_64_TO_32_BIT_CONVERSION = YES;
				GCC_WARN_ABOUT_RETURN_TYPE = YES_ERROR;
				GCC_WARN_UNDECLARED_SELECTOR = YES;
				GCC_WARN_UNINITIALIZED_AUTOS = YES_AGGRESSIVE;
				GCC_WARN_UNUSED_FUNCTION = YES;
				GCC_WARN_UNUSED_VARIABLE = YES;
				IPHONEOS_DEPLOYMENT_TARGET = 12.0;
				MTL_ENABLE_DEBUG_INFO = YES;
				ONLY_ACTIVE_ARCH = YES;
				SDKROOT = iphoneos;
				TARGETED_DEVICE_FAMILY = "1,2";
			};
			name = Debug;
		};
		97C147041CF9000F007C117D /* Release */ = {
			isa = XCBuildConfiguration;
			buildSettings = {
				ALWAYS_SEARCH_USER_PATHS = NO;
				ASSETCATALOG_COMPILER_GENERATE_SWIFT_ASSET_SYMBOL_EXTENSIONS = YES;
				CLANG_ANALYZER_NONNULL = YES;
				CLANG_CXX_LANGUAGE_STANDARD = "gnu++0x";
				CLANG_CXX_LIBRARY = "libc++";
				CLANG_ENABLE_MODULES = YES;
				CLANG_ENABLE_OBJC_ARC = YES;
				CLANG_WARN_BLOCK_CAPTURE_AUTORELEASING = YES;
				CLANG_WARN_BOOL_CONVERSION = YES;
				CLANG_WARN_COMMA = YES;
				CLANG_WARN_CONSTANT_CONVERSION = YES;
				CLANG_WARN_DEPRECATED_OBJC_IMPLEMENTATIONS = YES;
				CLANG_WARN_DIRECT_OBJC_ISA_USAGE = YES_ERROR;
				CLANG_WARN_EMPTY_BODY = YES;
				CLANG_WARN_ENUM_CONVERSION = YES;
				CLANG_WARN_INFINITE_RECURSION = YES;
				CLANG_WARN_INT_CONVERSION = YES;
				CLANG_WARN_NON_LITERAL_NULL_CONVERSION = YES;
				CLANG_WARN_OBJC_IMPLICIT_RETAIN_SELF = YES;
				CLANG_WARN_OBJC_LITERAL_CONVERSION = YES;
				CLANG_WARN_OBJC_ROOT_CLASS = YES_ERROR;
				CLANG_WARN_QUOTED_INCLUDE_IN_FRAMEWORK_HEADER = YES;
				CLANG_WARN_RANGE_LOOP_ANALYSIS = YES;
				CLANG_WARN_STRICT_PROTOTYPES = YES;
				CLANG_WARN_SUSPICIOUS_MOVE = YES;
				CLANG_WARN_UNREACHABLE_CODE = YES;
				CLANG_WARN__DUPLICATE_METHOD_MATCH = YES;
				"CODE_SIGN_IDENTITY[sdk=iphoneos*]" = "iPhone Developer";
				COPY_PHASE_STRIP = NO;
				DEBUG_INFORMATION_FORMAT = "dwarf-with-dsym";
				ENABLE_NS_ASSERTIONS = NO;
				ENABLE_STRICT_OBJC_MSGSEND = YES;
				ENABLE_USER_SCRIPT_SANDBOXING = NO;
				GCC_C_LANGUAGE_STANDARD = gnu99;
				GCC_NO_COMMON_BLOCKS = YES;
				GCC_WARN_64_TO_32_BIT_CONVERSION = YES;
				GCC_WARN_ABOUT_RETURN_TYPE = YES_ERROR;
				GCC_WARN_UNDECLARED_SELECTOR = YES;
				GCC_WARN_UNINITIALIZED_AUTOS = YES_AGGRESSIVE;
				GCC_WARN_UNUSED_FUNCTION = YES;
				GCC_WARN_UNUSED_VARIABLE = YES;
				IPHONEOS_DEPLOYMENT_TARGET = 12.0;
				MTL_ENABLE_DEBUG_INFO = NO;
				SDKROOT = iphoneos;
				SUPPORTED_PLATFORMS = iphoneos;
				SWIFT_COMPILATION_MODE = wholemodule;
				SWIFT_OPTIMIZATION_LEVEL = "-O";
				TARGETED_DEVICE_FAMILY = "1,2";
				VALIDATE_PRODUCT = YES;
			};
			name = Release;
		};
		97C147061CF9000F007C117D /* Debug */ = {
			isa = XCBuildConfiguration;
			baseConfigurationReference = 9740EEB21CF90195004384FC /* Debug.xcconfig */;
			buildSettings = {
				ALWAYS_EMBED_SWIFT_STANDARD_LIBRARIES = YES;
				ASSETCATALOG_COMPILER_APPICON_NAME = AppIcon;
				CLANG_ENABLE_MODULES = YES;
				CODE_SIGN_ENTITLEMENTS = Runner/Runner.entitlements;
				CURRENT_PROJECT_VERSION = "$(FLUTTER_BUILD_NUMBER)";
				DEVELOPMENT_TEAM = R345A3T8KH;
				ENABLE_BITCODE = NO;
				INFOPLIST_FILE = Runner/Info.plist;
				LD_RUNPATH_SEARCH_PATHS = (
					"$(inherited)",
					"@executable_path/Frameworks",
				);
				PRODUCT_BUNDLE_IDENTIFIER = com.example.lgbtStickerPacks;
				PRODUCT_NAME = "$(TARGET_NAME)";
				SWIFT_OBJC_BRIDGING_HEADER = "Runner/Runner-Bridging-Header.h";
				SWIFT_OPTIMIZATION_LEVEL = "-Onone";
				SWIFT_VERSION = 5.0;
				VERSIONING_SYSTEM = "apple-generic";
			};
			name = Debug;
		};
		97C147071CF9000F007C117D /* Release */ = {
			isa = XCBuildConfiguration;
			baseConfigurationReference = 7AFA3C8E1D35360C0083082E /* Release.xcconfig */;
			buildSettings = {
				ALWAYS_EMBED_SWIFT_STANDARD_LIBRARIES = YES;
				ASSETCATALOG_COMPILER_APPICON_NAME = AppIcon;
				CLANG_ENABLE_MODULES = YES;
				CODE_SIGN_ENTITLEMENTS = Runner/Runner.entitlements;
				CURRENT_PROJECT_VERSION = "$(FLUTTER_BUILD_NUMBER)";
				DEVELOPMENT_TEAM = R345A3T8KH;
				ENABLE_BITCODE = NO;
				INFOPLIST_FILE = Runner/Info.plist;
				LD_RUNPATH_SEARCH_PATHS = (
					"$(inherited)",
					"@executable_path/Frameworks",
				);
				PRODUCT_BUNDLE_IDENTIFIER = com.example.lgbtStickerPacks;
				PRODUCT_NAME = "$(TARGET_NAME)";
				SWIFT_OBJC_BRIDGING_HEADER = "Runner/Runner-Bridging-Header.h";
				SWIFT_VERSION = 5.0;
				VERSIONING_SYSTEM = "apple-generic";
			};
			name = Release;
		};
/* End XCBuildConfiguration section */

/* Begin XCConfigurationList section */
		331C8087294A63A400263BE5 /* Build configuration list for PBXNativeTarget "RunnerTests" */ = {
			isa = XCConfigurationList;
			buildConfigurations = (
				331C8088294A63A400263BE5 /* Debug */,
				331C8089294A63A400263BE5 /* Release */,
				331C808A294A63A400263BE5 /* Profile */,
			);
			defaultConfigurationIsVisible = 0;
			defaultConfigurationName = Release;
		};
		872480E92C830F3C009F32DA /* Build configuration list for PBXNativeTarget "LgbtPack" */ = {
			isa = XCConfigurationList;
			buildConfigurations = (
				872480E62C830F3C009F32DA /* Debug */,
				872480E72C830F3C009F32DA /* Release */,
				872480E82C830F3C009F32DA /* Profile */,
			);
			defaultConfigurationIsVisible = 0;
			defaultConfigurationName = Release;
		};
		872481772C835D15009F32DA /* Build configuration list for PBXNativeTarget "LgbtPackApp MessagesExtension" */ = {
			isa = XCConfigurationList;
			buildConfigurations = (
				872481742C835D15009F32DA /* Debug */,
				872481752C835D15009F32DA /* Release */,
				872481762C835D15009F32DA /* Profile */,
			);
			defaultConfigurationIsVisible = 0;
			defaultConfigurationName = Release;
		};
		872481782C835D15009F32DA /* Build configuration list for PBXNativeTarget "LgbtPackApp" */ = {
			isa = XCConfigurationList;
			buildConfigurations = (
				872481702C835D15009F32DA /* Debug */,
				872481712C835D15009F32DA /* Release */,
				872481722C835D15009F32DA /* Profile */,
			);
			defaultConfigurationIsVisible = 0;
			defaultConfigurationName = Release;
		};
		97C146E91CF9000F007C117D /* Build configuration list for PBXProject "Runner" */ = {
			isa = XCConfigurationList;
			buildConfigurations = (
				97C147031CF9000F007C117D /* Debug */,
				97C147041CF9000F007C117D /* Release */,
				249021D3217E4FDB00AE95B9 /* Profile */,
			);
			defaultConfigurationIsVisible = 0;
			defaultConfigurationName = Release;
		};
		97C147051CF9000F007C117D /* Build configuration list for PBXNativeTarget "Runner" */ = {
			isa = XCConfigurationList;
			buildConfigurations = (
				97C147061CF9000F007C117D /* Debug */,
				97C147071CF9000F007C117D /* Release */,
				249021D4217E4FDB00AE95B9 /* Profile */,
			);
			defaultConfigurationIsVisible = 0;
			defaultConfigurationName = Release;
		};
/* End XCConfigurationList section */
	};
	rootObject = 97C146E61CF9000F007C117D /* Project object */;
}
